// !$*UTF8*$!
{
	archiveVersion = 1;
	classes = {
	};
	objectVersion = 56;
	objects = {

/* Begin PBXBuildFile section */
		6D2D92262A6DF54F005AE6E6 /* AppDelegate.swift in Sources */ = {isa = PBXBuildFile; fileRef = 6D2D92252A6DF54F005AE6E6 /* AppDelegate.swift */; };
		6D2D92282A6DF54F005AE6E6 /* SceneDelegate.swift in Sources */ = {isa = PBXBuildFile; fileRef = 6D2D92272A6DF54F005AE6E6 /* SceneDelegate.swift */; };
		6D2D922A2A6DF54F005AE6E6 /* ViewController.swift in Sources */ = {isa = PBXBuildFile; fileRef = 6D2D92292A6DF54F005AE6E6 /* ViewController.swift */; };
		6D2D922D2A6DF54F005AE6E6 /* Main.storyboard in Resources */ = {isa = PBXBuildFile; fileRef = 6D2D922B2A6DF54F005AE6E6 /* Main.storyboard */; };
		6D2D922F2A6DF550005AE6E6 /* Assets.xcassets in Resources */ = {isa = PBXBuildFile; fileRef = 6D2D922E2A6DF550005AE6E6 /* Assets.xcassets */; };
		6D2D92322A6DF550005AE6E6 /* LaunchScreen.storyboard in Resources */ = {isa = PBXBuildFile; fileRef = 6D2D92302A6DF550005AE6E6 /* LaunchScreen.storyboard */; };
		6D2D923D2A6DF550005AE6E6 /* PersonifyMeTests.swift in Sources */ = {isa = PBXBuildFile; fileRef = 6D2D923C2A6DF550005AE6E6 /* PersonifyMeTests.swift */; };
		6D2D92472A6DF550005AE6E6 /* PersonifyMeUITests.swift in Sources */ = {isa = PBXBuildFile; fileRef = 6D2D92462A6DF550005AE6E6 /* PersonifyMeUITests.swift */; };
		6D2D92492A6DF550005AE6E6 /* PersonifyMeUITestsLaunchTests.swift in Sources */ = {isa = PBXBuildFile; fileRef = 6D2D92482A6DF550005AE6E6 /* PersonifyMeUITestsLaunchTests.swift */; };
/* End PBXBuildFile section */

/* Begin PBXContainerItemProxy section */
		6D2D92392A6DF550005AE6E6 /* PBXContainerItemProxy */ = {
			isa = PBXContainerItemProxy;
			containerPortal = 6D2D921A2A6DF54F005AE6E6 /* Project object */;
			proxyType = 1;
			remoteGlobalIDString = 6D2D92212A6DF54F005AE6E6;
			remoteInfo = PersonifyMe;
		};
		6D2D92432A6DF550005AE6E6 /* PBXContainerItemProxy */ = {
			isa = PBXContainerItemProxy;
			containerPortal = 6D2D921A2A6DF54F005AE6E6 /* Project object */;
			proxyType = 1;
			remoteGlobalIDString = 6D2D92212A6DF54F005AE6E6;
			remoteInfo = PersonifyMe;
		};
/* End PBXContainerItemProxy section */

/* Begin PBXFileReference section */
		6D2D92222A6DF54F005AE6E6 /* PersonifyMe.app */ = {isa = PBXFileReference; explicitFileType = wrapper.application; includeInIndex = 0; path = PersonifyMe.app; sourceTree = BUILT_PRODUCTS_DIR; };
		6D2D92252A6DF54F005AE6E6 /* AppDelegate.swift */ = {isa = PBXFileReference; lastKnownFileType = sourcecode.swift; path = AppDelegate.swift; sourceTree = "<group>"; };
		6D2D92272A6DF54F005AE6E6 /* SceneDelegate.swift */ = {isa = PBXFileReference; lastKnownFileType = sourcecode.swift; path = SceneDelegate.swift; sourceTree = "<group>"; };
		6D2D92292A6DF54F005AE6E6 /* ViewController.swift */ = {isa = PBXFileReference; lastKnownFileType = sourcecode.swift; path = ViewController.swift; sourceTree = "<group>"; };
		6D2D922C2A6DF54F005AE6E6 /* Base */ = {isa = PBXFileReference; lastKnownFileType = file.storyboard; name = Base; path = Base.lproj/Main.storyboard; sourceTree = "<group>"; };
		6D2D922E2A6DF550005AE6E6 /* Assets.xcassets */ = {isa = PBXFileReference; lastKnownFileType = folder.assetcatalog; path = Assets.xcassets; sourceTree = "<group>"; };
		6D2D92312A6DF550005AE6E6 /* Base */ = {isa = PBXFileReference; lastKnownFileType = file.storyboard; name = Base; path = Base.lproj/LaunchScreen.storyboard; sourceTree = "<group>"; };
		6D2D92332A6DF550005AE6E6 /* Info.plist */ = {isa = PBXFileReference; lastKnownFileType = text.plist.xml; path = Info.plist; sourceTree = "<group>"; };
		6D2D92382A6DF550005AE6E6 /* PersonifyMeTests.xctest */ = {isa = PBXFileReference; explicitFileType = wrapper.cfbundle; includeInIndex = 0; path = PersonifyMeTests.xctest; sourceTree = BUILT_PRODUCTS_DIR; };
		6D2D923C2A6DF550005AE6E6 /* PersonifyMeTests.swift */ = {isa = PBXFileReference; lastKnownFileType = sourcecode.swift; path = PersonifyMeTests.swift; sourceTree = "<group>"; };
		6D2D92422A6DF550005AE6E6 /* PersonifyMeUITests.xctest */ = {isa = PBXFileReference; explicitFileType = wrapper.cfbundle; includeInIndex = 0; path = PersonifyMeUITests.xctest; sourceTree = BUILT_PRODUCTS_DIR; };
		6D2D92462A6DF550005AE6E6 /* PersonifyMeUITests.swift */ = {isa = PBXFileReference; lastKnownFileType = sourcecode.swift; path = PersonifyMeUITests.swift; sourceTree = "<group>"; };
		6D2D92482A6DF550005AE6E6 /* PersonifyMeUITestsLaunchTests.swift */ = {isa = PBXFileReference; lastKnownFileType = sourcecode.swift; path = PersonifyMeUITestsLaunchTests.swift; sourceTree = "<group>"; };
/* End PBXFileReference section */

/* Begin PBXFrameworksBuildPhase section */
		6D2D921F2A6DF54F005AE6E6 /* Frameworks */ = {
			isa = PBXFrameworksBuildPhase;
			buildActionMask = 2147483647;
			files = (
			);
			runOnlyForDeploymentPostprocessing = 0;
		};
		6D2D92352A6DF550005AE6E6 /* Frameworks */ = {
			isa = PBXFrameworksBuildPhase;
			buildActionMask = 2147483647;
			files = (
			);
			runOnlyForDeploymentPostprocessing = 0;
		};
		6D2D923F2A6DF550005AE6E6 /* Frameworks */ = {
			isa = PBXFrameworksBuildPhase;
			buildActionMask = 2147483647;
			files = (
			);
			runOnlyForDeploymentPostprocessing = 0;
		};
/* End PBXFrameworksBuildPhase section */

/* Begin PBXGroup section */
		6D2D92192A6DF54F005AE6E6 = {
			isa = PBXGroup;
			children = (
				6D2D92242A6DF54F005AE6E6 /* PersonifyMe */,
				6D2D923B2A6DF550005AE6E6 /* PersonifyMeTests */,
				6D2D92452A6DF550005AE6E6 /* PersonifyMeUITests */,
				6D2D92232A6DF54F005AE6E6 /* Products */,
			);
			sourceTree = "<group>";
		};
		6D2D92232A6DF54F005AE6E6 /* Products */ = {
			isa = PBXGroup;
			children = (
				6D2D92222A6DF54F005AE6E6 /* PersonifyMe.app */,
				6D2D92382A6DF550005AE6E6 /* PersonifyMeTests.xctest */,
				6D2D92422A6DF550005AE6E6 /* PersonifyMeUITests.xctest */,
			);
			name = Products;
			sourceTree = "<group>";
		};
		6D2D92242A6DF54F005AE6E6 /* PersonifyMe */ = {
			isa = PBXGroup;
			children = (
				6D2D92252A6DF54F005AE6E6 /* AppDelegate.swift */,
				6D2D92272A6DF54F005AE6E6 /* SceneDelegate.swift */,
				6D2D92292A6DF54F005AE6E6 /* ViewController.swift */,
				6D2D922B2A6DF54F005AE6E6 /* Main.storyboard */,
				6D2D922E2A6DF550005AE6E6 /* Assets.xcassets */,
				6D2D92302A6DF550005AE6E6 /* LaunchScreen.storyboard */,
				6D2D92332A6DF550005AE6E6 /* Info.plist */,
			);
			path = PersonifyMe;
			sourceTree = "<group>";
		};
		6D2D923B2A6DF550005AE6E6 /* PersonifyMeTests */ = {
			isa = PBXGroup;
			children = (
				6D2D923C2A6DF550005AE6E6 /* PersonifyMeTests.swift */,
			);
			path = PersonifyMeTests;
			sourceTree = "<group>";
		};
		6D2D92452A6DF550005AE6E6 /* PersonifyMeUITests */ = {
			isa = PBXGroup;
			children = (
				6D2D92462A6DF550005AE6E6 /* PersonifyMeUITests.swift */,
				6D2D92482A6DF550005AE6E6 /* PersonifyMeUITestsLaunchTests.swift */,
			);
			path = PersonifyMeUITests;
			sourceTree = "<group>";
		};
/* End PBXGroup section */

/* Begin PBXNativeTarget section */
		6D2D92212A6DF54F005AE6E6 /* PersonifyMe */ = {
			isa = PBXNativeTarget;
			buildConfigurationList = 6D2D924C2A6DF550005AE6E6 /* Build configuration list for PBXNativeTarget "PersonifyMe" */;
			buildPhases = (
				6D2D921E2A6DF54F005AE6E6 /* Sources */,
				6D2D921F2A6DF54F005AE6E6 /* Frameworks */,
				6D2D92202A6DF54F005AE6E6 /* Resources */,
			);
			buildRules = (
			);
			dependencies = (
			);
			name = PersonifyMe;
			productName = PersonifyMe;
			productReference = 6D2D92222A6DF54F005AE6E6 /* PersonifyMe.app */;
			productType = "com.apple.product-type.application";
		};
		6D2D92372A6DF550005AE6E6 /* PersonifyMeTests */ = {
			isa = PBXNativeTarget;
			buildConfigurationList = 6D2D924F2A6DF550005AE6E6 /* Build configuration list for PBXNativeTarget "PersonifyMeTests" */;
			buildPhases = (
				6D2D92342A6DF550005AE6E6 /* Sources */,
				6D2D92352A6DF550005AE6E6 /* Frameworks */,
				6D2D92362A6DF550005AE6E6 /* Resources */,
			);
			buildRules = (
			);
			dependencies = (
				6D2D923A2A6DF550005AE6E6 /* PBXTargetDependency */,
			);
			name = PersonifyMeTests;
			productName = PersonifyMeTests;
			productReference = 6D2D92382A6DF550005AE6E6 /* PersonifyMeTests.xctest */;
			productType = "com.apple.product-type.bundle.unit-test";
		};
		6D2D92412A6DF550005AE6E6 /* PersonifyMeUITests */ = {
			isa = PBXNativeTarget;
			buildConfigurationList = 6D2D92522A6DF550005AE6E6 /* Build configuration list for PBXNativeTarget "PersonifyMeUITests" */;
			buildPhases = (
				6D2D923E2A6DF550005AE6E6 /* Sources */,
				6D2D923F2A6DF550005AE6E6 /* Frameworks */,
				6D2D92402A6DF550005AE6E6 /* Resources */,
			);
			buildRules = (
			);
			dependencies = (
				6D2D92442A6DF550005AE6E6 /* PBXTargetDependency */,
			);
			name = PersonifyMeUITests;
			productName = PersonifyMeUITests;
			productReference = 6D2D92422A6DF550005AE6E6 /* PersonifyMeUITests.xctest */;
			productType = "com.apple.product-type.bundle.ui-testing";
		};
/* End PBXNativeTarget section */

/* Begin PBXProject section */
		6D2D921A2A6DF54F005AE6E6 /* Project object */ = {
			isa = PBXProject;
			attributes = {
				BuildIndependentTargetsInParallel = 1;
				LastSwiftUpdateCheck = 1430;
				LastUpgradeCheck = 1430;
				TargetAttributes = {
					6D2D92212A6DF54F005AE6E6 = {
						CreatedOnToolsVersion = 14.3.1;
					};
					6D2D92372A6DF550005AE6E6 = {
						CreatedOnToolsVersion = 14.3.1;
						TestTargetID = 6D2D92212A6DF54F005AE6E6;
					};
					6D2D92412A6DF550005AE6E6 = {
						CreatedOnToolsVersion = 14.3.1;
						TestTargetID = 6D2D92212A6DF54F005AE6E6;
					};
				};
			};
			buildConfigurationList = 6D2D921D2A6DF54F005AE6E6 /* Build configuration list for PBXProject "PersonifyMe" */;
			compatibilityVersion = "Xcode 14.0";
			developmentRegion = en;
			hasScannedForEncodings = 0;
			knownRegions = (
				en,
				Base,
			);
			mainGroup = 6D2D92192A6DF54F005AE6E6;
			productRefGroup = 6D2D92232A6DF54F005AE6E6 /* Products */;
			projectDirPath = "";
			projectRoot = "";
			targets = (
				6D2D92212A6DF54F005AE6E6 /* PersonifyMe */,
				6D2D92372A6DF550005AE6E6 /* PersonifyMeTests */,
				6D2D92412A6DF550005AE6E6 /* PersonifyMeUITests */,
			);
		};
/* End PBXProject section */

/* Begin PBXResourcesBuildPhase section */
		6D2D92202A6DF54F005AE6E6 /* Resources */ = {
			isa = PBXResourcesBuildPhase;
			buildActionMask = 2147483647;
			files = (
				6D2D92322A6DF550005AE6E6 /* LaunchScreen.storyboard in Resources */,
				6D2D922F2A6DF550005AE6E6 /* Assets.xcassets in Resources */,
				6D2D922D2A6DF54F005AE6E6 /* Main.storyboard in Resources */,
			);
			runOnlyForDeploymentPostprocessing = 0;
		};
		6D2D92362A6DF550005AE6E6 /* Resources */ = {
			isa = PBXResourcesBuildPhase;
			buildActionMask = 2147483647;
			files = (
			);
			runOnlyForDeploymentPostprocessing = 0;
		};
		6D2D92402A6DF550005AE6E6 /* Resources */ = {
			isa = PBXResourcesBuildPhase;
			buildActionMask = 2147483647;
			files = (
			);
			runOnlyForDeploymentPostprocessing = 0;
		};
/* End PBXResourcesBuildPhase section */

/* Begin PBXSourcesBuildPhase section */
		6D2D921E2A6DF54F005AE6E6 /* Sources */ = {
			isa = PBXSourcesBuildPhase;
			buildActionMask = 2147483647;
			files = (
				6D2D922A2A6DF54F005AE6E6 /* ViewController.swift in Sources */,
				6D2D92262A6DF54F005AE6E6 /* AppDelegate.swift in Sources */,
				6D2D92282A6DF54F005AE6E6 /* SceneDelegate.swift in Sources */,
			);
			runOnlyForDeploymentPostprocessing = 0;
		};
		6D2D92342A6DF550005AE6E6 /* Sources */ = {
			isa = PBXSourcesBuildPhase;
			buildActionMask = 2147483647;
			files = (
				6D2D923D2A6DF550005AE6E6 /* PersonifyMeTests.swift in Sources */,
			);
			runOnlyForDeploymentPostprocessing = 0;
		};
		6D2D923E2A6DF550005AE6E6 /* Sources */ = {
			isa = PBXSourcesBuildPhase;
			buildActionMask = 2147483647;
			files = (
				6D2D92492A6DF550005AE6E6 /* PersonifyMeUITestsLaunchTests.swift in Sources */,
				6D2D92472A6DF550005AE6E6 /* PersonifyMeUITests.swift in Sources */,
			);
			runOnlyForDeploymentPostprocessing = 0;
		};
/* End PBXSourcesBuildPhase section */

/* Begin PBXTargetDependency section */
		6D2D923A2A6DF550005AE6E6 /* PBXTargetDependency */ = {
			isa = PBXTargetDependency;
			target = 6D2D92212A6DF54F005AE6E6 /* PersonifyMe */;
			targetProxy = 6D2D92392A6DF550005AE6E6 /* PBXContainerItemProxy */;
		};
		6D2D92442A6DF550005AE6E6 /* PBXTargetDependency */ = {
			isa = PBXTargetDependency;
			target = 6D2D92212A6DF54F005AE6E6 /* PersonifyMe */;
			targetProxy = 6D2D92432A6DF550005AE6E6 /* PBXContainerItemProxy */;
		};
/* End PBXTargetDependency section */

/* Begin PBXVariantGroup section */
		6D2D922B2A6DF54F005AE6E6 /* Main.storyboard */ = {
			isa = PBXVariantGroup;
			children = (
				6D2D922C2A6DF54F005AE6E6 /* Base */,
			);
			name = Main.storyboard;
			sourceTree = "<group>";
		};
		6D2D92302A6DF550005AE6E6 /* LaunchScreen.storyboard */ = {
			isa = PBXVariantGroup;
			children = (
				6D2D92312A6DF550005AE6E6 /* Base */,
			);
			name = LaunchScreen.storyboard;
			sourceTree = "<group>";
		};
/* End PBXVariantGroup section */

/* Begin XCBuildConfiguration section */
		6D2D924A2A6DF550005AE6E6 /* Debug */ = {
			isa = XCBuildConfiguration;
			buildSettings = {
				ALWAYS_SEARCH_USER_PATHS = NO;
				CLANG_ANALYZER_NONNULL = YES;
				CLANG_ANALYZER_NUMBER_OBJECT_CONVERSION = YES_AGGRESSIVE;
				CLANG_CXX_LANGUAGE_STANDARD = "gnu++20";
				CLANG_ENABLE_MODULES = YES;
				CLANG_ENABLE_OBJC_ARC = YES;
				CLANG_ENABLE_OBJC_WEAK = YES;
				CLANG_WARN_BLOCK_CAPTURE_AUTORELEASING = YES;
				CLANG_WARN_BOOL_CONVERSION = YES;
				CLANG_WARN_COMMA = YES;
				CLANG_WARN_CONSTANT_CONVERSION = YES;
				CLANG_WARN_DEPRECATED_OBJC_IMPLEMENTATIONS = YES;
				CLANG_WARN_DIRECT_OBJC_ISA_USAGE = YES_ERROR;
				CLANG_WARN_DOCUMENTATION_COMMENTS = YES;
				CLANG_WARN_EMPTY_BODY = YES;
				CLANG_WARN_ENUM_CONVERSION = YES;
				CLANG_WARN_INFINITE_RECURSION = YES;
				CLANG_WARN_INT_CONVERSION = YES;
				CLANG_WARN_NON_LITERAL_NULL_CONVERSION = YES;
				CLANG_WARN_OBJC_IMPLICIT_RETAIN_SELF = YES;
				CLANG_WARN_OBJC_LITERAL_CONVERSION = YES;
				CLANG_WARN_OBJC_ROOT_CLASS = YES_ERROR;
				CLANG_WARN_QUOTED_INCLUDE_IN_FRAMEWORK_HEADER = YES;
				CLANG_WARN_RANGE_LOOP_ANALYSIS = YES;
				CLANG_WARN_STRICT_PROTOTYPES = YES;
				CLANG_WARN_SUSPICIOUS_MOVE = YES;
				CLANG_WARN_UNGUARDED_AVAILABILITY = YES_AGGRESSIVE;
				CLANG_WARN_UNREACHABLE_CODE = YES;
				CLANG_WARN__DUPLICATE_METHOD_MATCH = YES;
				COPY_PHASE_STRIP = NO;
				DEBUG_INFORMATION_FORMAT = dwarf;
				ENABLE_STRICT_OBJC_MSGSEND = YES;
				ENABLE_TESTABILITY = YES;
				GCC_C_LANGUAGE_STANDARD = gnu11;
				GCC_DYNAMIC_NO_PIC = NO;
				GCC_NO_COMMON_BLOCKS = YES;
				GCC_OPTIMIZATION_LEVEL = 0;
				GCC_PREPROCESSOR_DEFINITIONS = (
					"DEBUG=1",
					"$(inherited)",
				);
				GCC_WARN_64_TO_32_BIT_CONVERSION = YES;
				GCC_WARN_ABOUT_RETURN_TYPE = YES_ERROR;
				GCC_WARN_UNDECLARED_SELECTOR = YES;
				GCC_WARN_UNINITIALIZED_AUTOS = YES_AGGRESSIVE;
				GCC_WARN_UNUSED_FUNCTION = YES;
				GCC_WARN_UNUSED_VARIABLE = YES;
				IPHONEOS_DEPLOYMENT_TARGET = 16.4;
				MTL_ENABLE_DEBUG_INFO = INCLUDE_SOURCE;
				MTL_FAST_MATH = YES;
				ONLY_ACTIVE_ARCH = YES;
				SDKROOT = iphoneos;
				SWIFT_ACTIVE_COMPILATION_CONDITIONS = DEBUG;
				SWIFT_OPTIMIZATION_LEVEL = "-Onone";
			};
			name = Debug;
		};
		6D2D924B2A6DF550005AE6E6 /* Release */ = {
			isa = XCBuildConfiguration;
			buildSettings = {
				ALWAYS_SEARCH_USER_PATHS = NO;
				CLANG_ANALYZER_NONNULL = YES;
				CLANG_ANALYZER_NUMBER_OBJECT_CONVERSION = YES_AGGRESSIVE;
				CLANG_CXX_LANGUAGE_STANDARD = "gnu++20";
				CLANG_ENABLE_MODULES = YES;
				CLANG_ENABLE_OBJC_ARC = YES;
				CLANG_ENABLE_OBJC_WEAK = YES;
				CLANG_WARN_BLOCK_CAPTURE_AUTORELEASING = YES;
				CLANG_WARN_BOOL_CONVERSION = YES;
				CLANG_WARN_COMMA = YES;
				CLANG_WARN_CONSTANT_CONVERSION = YES;
				CLANG_WARN_DEPRECATED_OBJC_IMPLEMENTATIONS = YES;
				CLANG_WARN_DIRECT_OBJC_ISA_USAGE = YES_ERROR;
				CLANG_WARN_DOCUMENTATION_COMMENTS = YES;
				CLANG_WARN_EMPTY_BODY = YES;
				CLANG_WARN_ENUM_CONVERSION = YES;
				CLANG_WARN_INFINITE_RECURSION = YES;
				CLANG_WARN_INT_CONVERSION = YES;
				CLANG_WARN_NON_LITERAL_NULL_CONVERSION = YES;
				CLANG_WARN_OBJC_IMPLICIT_RETAIN_SELF = YES;
				CLANG_WARN_OBJC_LITERAL_CONVERSION = YES;
				CLANG_WARN_OBJC_ROOT_CLASS = YES_ERROR;
				CLANG_WARN_QUOTED_INCLUDE_IN_FRAMEWORK_HEADER = YES;
				CLANG_WARN_RANGE_LOOP_ANALYSIS = YES;
				CLANG_WARN_STRICT_PROTOTYPES = YES;
				CLANG_WARN_SUSPICIOUS_MOVE = YES;
				CLANG_WARN_UNGUARDED_AVAILABILITY = YES_AGGRESSIVE;
				CLANG_WARN_UNREACHABLE_CODE = YES;
				CLANG_WARN__DUPLICATE_METHOD_MATCH = YES;
				COPY_PHASE_STRIP = NO;
				DEBUG_INFORMATION_FORMAT = "dwarf-with-dsym";
				ENABLE_NS_ASSERTIONS = NO;
				ENABLE_STRICT_OBJC_MSGSEND = YES;
				GCC_C_LANGUAGE_STANDARD = gnu11;
				GCC_NO_COMMON_BLOCKS = YES;
				GCC_WARN_64_TO_32_BIT_CONVERSION = YES;
				GCC_WARN_ABOUT_RETURN_TYPE = YES_ERROR;
				GCC_WARN_UNDECLARED_SELECTOR = YES;
				GCC_WARN_UNINITIALIZED_AUTOS = YES_AGGRESSIVE;
				GCC_WARN_UNUSED_FUNCTION = YES;
				GCC_WARN_UNUSED_VARIABLE = YES;
				IPHONEOS_DEPLOYMENT_TARGET = 16.4;
				MTL_ENABLE_DEBUG_INFO = NO;
				MTL_FAST_MATH = YES;
				SDKROOT = iphoneos;
				SWIFT_COMPILATION_MODE = wholemodule;
				SWIFT_OPTIMIZATION_LEVEL = "-O";
				VALIDATE_PRODUCT = YES;
			};
			name = Release;
		};
		6D2D924D2A6DF550005AE6E6 /* Debug */ = {
			isa = XCBuildConfiguration;
			buildSettings = {
				ASSETCATALOG_COMPILER_APPICON_NAME = AppIcon;
				ASSETCATALOG_COMPILER_GLOBAL_ACCENT_COLOR_NAME = AccentColor;
				CODE_SIGN_STYLE = Automatic;
				CURRENT_PROJECT_VERSION = 1;
				GENERATE_INFOPLIST_FILE = YES;
				INFOPLIST_FILE = PersonifyMe/Info.plist;
				INFOPLIST_KEY_UIApplicationSupportsIndirectInputEvents = YES;
				INFOPLIST_KEY_UILaunchStoryboardName = LaunchScreen;
				INFOPLIST_KEY_UIMainStoryboardFile = Main;
				INFOPLIST_KEY_UISupportedInterfaceOrientations_iPad = "UIInterfaceOrientationPortrait UIInterfaceOrientationPortraitUpsideDown UIInterfaceOrientationLandscapeLeft UIInterfaceOrientationLandscapeRight";
				INFOPLIST_KEY_UISupportedInterfaceOrientations_iPhone = "UIInterfaceOrientationPortrait UIInterfaceOrientationLandscapeLeft UIInterfaceOrientationLandscapeRight";
				LD_RUNPATH_SEARCH_PATHS = (
					"$(inherited)",
					"@executable_path/Frameworks",
				);
				MARKETING_VERSION = 1.0;
				PRODUCT_BUNDLE_IDENTIFIER = invictstone.PersonifyMe;
				PRODUCT_NAME = "$(TARGET_NAME)";
				SWIFT_EMIT_LOC_STRINGS = YES;
				SWIFT_VERSION = 5.0;
				TARGETED_DEVICE_FAMILY = "1,2";
			};
			name = Debug;
		};
		6D2D924E2A6DF550005AE6E6 /* Release */ = {
			isa = XCBuildConfiguration;
			buildSettings = {
				ASSETCATALOG_COMPILER_APPICON_NAME = AppIcon;
				ASSETCATALOG_COMPILER_GLOBAL_ACCENT_COLOR_NAME = AccentColor;
				CODE_SIGN_STYLE = Automatic;
				CURRENT_PROJECT_VERSION = 1;
				GENERATE_INFOPLIST_FILE = YES;
				INFOPLIST_FILE = PersonifyMe/Info.plist;
				INFOPLIST_KEY_UIApplicationSupportsIndirectInputEvents = YES;
				INFOPLIST_KEY_UILaunchStoryboardName = LaunchScreen;
				INFOPLIST_KEY_UIMainStoryboardFile = Main;
				INFOPLIST_KEY_UISupportedInterfaceOrientations_iPad = "UIInterfaceOrientationPortrait UIInterfaceOrientationPortraitUpsideDown UIInterfaceOrientationLandscapeLeft UIInterfaceOrientationLandscapeRight";
				INFOPLIST_KEY_UISupportedInterfaceOrientations_iPhone = "UIInterfaceOrientationPortrait UIInterfaceOrientationLandscapeLeft UIInterfaceOrientationLandscapeRight";
				LD_RUNPATH_SEARCH_PATHS = (
					"$(inherited)",
					"@executable_path/Frameworks",
				);
				MARKETING_VERSION = 1.0;
				PRODUCT_BUNDLE_IDENTIFIER = invictstone.PersonifyMe;
				PRODUCT_NAME = "$(TARGET_NAME)";
				SWIFT_EMIT_LOC_STRINGS = YES;
				SWIFT_VERSION = 5.0;
				TARGETED_DEVICE_FAMILY = "1,2";
			};
			name = Release;
		};
		6D2D92502A6DF550005AE6E6 /* Debug */ = {
			isa = XCBuildConfiguration;
			buildSettings = {
				ALWAYS_EMBED_SWIFT_STANDARD_LIBRARIES = YES;
				BUNDLE_LOADER = "$(TEST_HOST)";
				CODE_SIGN_STYLE = Automatic;
				CURRENT_PROJECT_VERSION = 1;
				GENERATE_INFOPLIST_FILE = YES;
				IPHONEOS_DEPLOYMENT_TARGET = 16.4;
				MARKETING_VERSION = 1.0;
				PRODUCT_BUNDLE_IDENTIFIER = invictstone.PersonifyMeTests;
				PRODUCT_NAME = "$(TARGET_NAME)";
				SWIFT_EMIT_LOC_STRINGS = NO;
				SWIFT_VERSION = 5.0;
				TARGETED_DEVICE_FAMILY = "1,2";
				TEST_HOST = "$(BUILT_PRODUCTS_DIR)/PersonifyMe.app/$(BUNDLE_EXECUTABLE_FOLDER_PATH)/PersonifyMe";
			};
			name = Debug;
		};
		6D2D92512A6DF550005AE6E6 /* Release */ = {
			isa = XCBuildConfiguration;
			buildSettings = {
				ALWAYS_EMBED_SWIFT_STANDARD_LIBRARIES = YES;
				BUNDLE_LOADER = "$(TEST_HOST)";
				CODE_SIGN_STYLE = Automatic;
				CURRENT_PROJECT_VERSION = 1;
				GENERATE_INFOPLIST_FILE = YES;
				IPHONEOS_DEPLOYMENT_TARGET = 16.4;
				MARKETING_VERSION = 1.0;
				PRODUCT_BUNDLE_IDENTIFIER = invictstone.PersonifyMeTests;
				PRODUCT_NAME = "$(TARGET_NAME)";
				SWIFT_EMIT_LOC_STRINGS = NO;
				SWIFT_VERSION = 5.0;
				TARGETED_DEVICE_FAMILY = "1,2";
				TEST_HOST = "$(BUILT_PRODUCTS_DIR)/PersonifyMe.app/$(BUNDLE_EXECUTABLE_FOLDER_PATH)/PersonifyMe";
			};
			name = Release;
		};
		6D2D92532A6DF550005AE6E6 /* Debug */ = {
			isa = XCBuildConfiguration;
			buildSettings = {
				ALWAYS_EMBED_SWIFT_STANDARD_LIBRARIES = YES;
				CODE_SIGN_STYLE = Automatic;
				CURRENT_PROJECT_VERSION = 1;
				GENERATE_INFOPLIST_FILE = YES;
				MARKETING_VERSION = 1.0;
				PRODUCT_BUNDLE_IDENTIFIER = invictstone.PersonifyMeUITests;
				PRODUCT_NAME = "$(TARGET_NAME)";
				SWIFT_EMIT_LOC_STRINGS = NO;
				SWIFT_VERSION = 5.0;
				TARGETED_DEVICE_FAMILY = "1,2";
				TEST_TARGET_NAME = PersonifyMe;
			};
			name = Debug;
		};
		6D2D92542A6DF550005AE6E6 /* Release */ = {
			isa = XCBuildConfiguration;
			buildSettings = {
				ALWAYS_EMBED_SWIFT_STANDARD_LIBRARIES = YES;
				CODE_SIGN_STYLE = Automatic;
				CURRENT_PROJECT_VERSION = 1;
				GENERATE_INFOPLIST_FILE = YES;
				MARKETING_VERSION = 1.0;
				PRODUCT_BUNDLE_IDENTIFIER = invictstone.PersonifyMeUITests;
				PRODUCT_NAME = "$(TARGET_NAME)";
				SWIFT_EMIT_LOC_STRINGS = NO;
				SWIFT_VERSION = 5.0;
				TARGETED_DEVICE_FAMILY = "1,2";
				TEST_TARGET_NAME = PersonifyMe;
			};
			name = Release;
		};
/* End XCBuildConfiguration section */

/* Begin XCConfigurationList section */
		6D2D921D2A6DF54F005AE6E6 /* Build configuration list for PBXProject "PersonifyMe" */ = {
			isa = XCConfigurationList;
			buildConfigurations = (
				6D2D924A2A6DF550005AE6E6 /* Debug */,
				6D2D924B2A6DF550005AE6E6 /* Release */,
			);
			defaultConfigurationIsVisible = 0;
			defaultConfigurationName = Release;
		};
		6D2D924C2A6DF550005AE6E6 /* Build configuration list for PBXNativeTarget "PersonifyMe" */ = {
			isa = XCConfigurationList;
			buildConfigurations = (
				6D2D924D2A6DF550005AE6E6 /* Debug */,
				6D2D924E2A6DF550005AE6E6 /* Release */,
			);
			defaultConfigurationIsVisible = 0;
			defaultConfigurationName = Release;
		};
		6D2D924F2A6DF550005AE6E6 /* Build configuration list for PBXNativeTarget "PersonifyMeTests" */ = {
			isa = XCConfigurationList;
			buildConfigurations = (
				6D2D92502A6DF550005AE6E6 /* Debug */,
				6D2D92512A6DF550005AE6E6 /* Release */,
			);
			defaultConfigurationIsVisible = 0;
			defaultConfigurationName = Release;
		};
		6D2D92522A6DF550005AE6E6 /* Build configuration list for PBXNativeTarget "PersonifyMeUITests" */ = {
			isa = XCConfigurationList;
			buildConfigurations = (
				6D2D92532A6DF550005AE6E6 /* Debug */,
				6D2D92542A6DF550005AE6E6 /* Release */,
			);
			defaultConfigurationIsVisible = 0;
			defaultConfigurationName = Release;
		};
/* End XCConfigurationList section */
	};
	rootObject = 6D2D921A2A6DF54F005AE6E6 /* Project object */;
}
