// !$*UTF8*$!
{
	archiveVersion = 1;
	classes = {
	};
	objectVersion = 56;
	objects = {

/* Begin PBXBuildFile section */
		6D024C002A76FB2800E678EB /* ApiResponse.swift in Sources */ = {isa = PBXBuildFile; fileRef = 6D024BFF2A76FB2700E678EB /* ApiResponse.swift */; };
		6D024C022A76FC1600E678EB /* ApiErrorResponse.swift in Sources */ = {isa = PBXBuildFile; fileRef = 6D024C012A76FC1600E678EB /* ApiErrorResponse.swift */; };
		6D024C042A77002700E678EB /* TokenResponse.swift in Sources */ = {isa = PBXBuildFile; fileRef = 6D024C032A77002700E678EB /* TokenResponse.swift */; };
		6D0401F22A734A6400347870 /* SuccessResponse.swift in Sources */ = {isa = PBXBuildFile; fileRef = 6D0401F12A734A6400347870 /* SuccessResponse.swift */; };
		6D057E8D2A7A8C2F00F79A47 /* Product.swift in Sources */ = {isa = PBXBuildFile; fileRef = 6D057E8C2A7A8C2F00F79A47 /* Product.swift */; };
		6D057E8F2A7B0E3000F79A47 /* Category.swift in Sources */ = {isa = PBXBuildFile; fileRef = 6D057E8E2A7B0E3000F79A47 /* Category.swift */; };
		6D057E912A7B0E3E00F79A47 /* Review.swift in Sources */ = {isa = PBXBuildFile; fileRef = 6D057E902A7B0E3E00F79A47 /* Review.swift */; };
		6D057E932A7B0E5E00F79A47 /* Seller.swift in Sources */ = {isa = PBXBuildFile; fileRef = 6D057E922A7B0E5E00F79A47 /* Seller.swift */; };
		6D057E952A7B1FFA00F79A47 /* BannerCell.swift in Sources */ = {isa = PBXBuildFile; fileRef = 6D057E942A7B1FFA00F79A47 /* BannerCell.swift */; };
		6D057E972A7B24C600F79A47 /* ProductCell.swift in Sources */ = {isa = PBXBuildFile; fileRef = 6D057E962A7B24C600F79A47 /* ProductCell.swift */; };
		6D057E992A7B2D7000F79A47 /* TagCell.swift in Sources */ = {isa = PBXBuildFile; fileRef = 6D057E982A7B2D7000F79A47 /* TagCell.swift */; };
		6D057E9B2A7B348700F79A47 /* CategoryHomeCell.swift in Sources */ = {isa = PBXBuildFile; fileRef = 6D057E9A2A7B348700F79A47 /* CategoryHomeCell.swift */; };
		6D057E9D2A7B480600F79A47 /* CustomHomeMenu.swift in Sources */ = {isa = PBXBuildFile; fileRef = 6D057E9C2A7B480600F79A47 /* CustomHomeMenu.swift */; };
		6D10E7282A7DB308000C4398 /* ReviewProductHeader.swift in Sources */ = {isa = PBXBuildFile; fileRef = 6D10E7272A7DB308000C4398 /* ReviewProductHeader.swift */; };
		6D10E72A2A7DC1C1000C4398 /* CreateReviePopControllerw.swift in Sources */ = {isa = PBXBuildFile; fileRef = 6D10E7292A7DC1C1000C4398 /* CreateReviePopControllerw.swift */; };
		6D10E72C2A7DF561000C4398 /* TimeManager.swift in Sources */ = {isa = PBXBuildFile; fileRef = 6D10E72B2A7DF561000C4398 /* TimeManager.swift */; };
		6D10E72E2A7DFAA9000C4398 /* DynamicTableView.swift in Sources */ = {isa = PBXBuildFile; fileRef = 6D10E72D2A7DFAA9000C4398 /* DynamicTableView.swift */; };
		6D10E7302A7E0093000C4398 /* ProductLikeCell.swift in Sources */ = {isa = PBXBuildFile; fileRef = 6D10E72F2A7E0093000C4398 /* ProductLikeCell.swift */; };
		6D127FC12A7E979E003DBD16 /* AccordionTableView.swift in Sources */ = {isa = PBXBuildFile; fileRef = 6D127FC02A7E979E003DBD16 /* AccordionTableView.swift */; };
		6D127FC32A7EA754003DBD16 /* CustomHeaderView.swift in Sources */ = {isa = PBXBuildFile; fileRef = 6D127FC22A7EA754003DBD16 /* CustomHeaderView.swift */; };
		6D127FC52A7EC019003DBD16 /* CategoryLabelCell.swift in Sources */ = {isa = PBXBuildFile; fileRef = 6D127FC42A7EC019003DBD16 /* CategoryLabelCell.swift */; };
		6D127FC72A7ECBE8003DBD16 /* SearchResultViewController.swift in Sources */ = {isa = PBXBuildFile; fileRef = 6D127FC62A7ECBE8003DBD16 /* SearchResultViewController.swift */; };
		6D127FC92A7ECC7C003DBD16 /* SearchHomeView.swift in Sources */ = {isa = PBXBuildFile; fileRef = 6D127FC82A7ECC7C003DBD16 /* SearchHomeView.swift */; };
		6D127FCB2A7EF97C003DBD16 /* ContainerHomeController.swift in Sources */ = {isa = PBXBuildFile; fileRef = 6D127FCA2A7EF97C003DBD16 /* ContainerHomeController.swift */; };
		6D127FCD2A7F23BC003DBD16 /* ZeroInset.swift in Sources */ = {isa = PBXBuildFile; fileRef = 6D127FCC2A7F23BC003DBD16 /* ZeroInset.swift */; };
		6D137C362A781FEC00711889 /* StripeStatusResponse.swift in Sources */ = {isa = PBXBuildFile; fileRef = 6D137C352A781FEC00711889 /* StripeStatusResponse.swift */; };
		6D137C382A78331800711889 /* SellerMenu.swift in Sources */ = {isa = PBXBuildFile; fileRef = 6D137C372A78331800711889 /* SellerMenu.swift */; };
		6D137C3B2A78375700711889 /* SellerMenuCell.swift in Sources */ = {isa = PBXBuildFile; fileRef = 6D137C3A2A78375700711889 /* SellerMenuCell.swift */; };
		6D137C412A78380B00711889 /* CustomCell.swift in Sources */ = {isa = PBXBuildFile; fileRef = 6D137C402A78380B00711889 /* CustomCell.swift */; };
		6D137C442A78385400711889 /* CustomImageView.swift in Sources */ = {isa = PBXBuildFile; fileRef = 6D137C432A78385400711889 /* CustomImageView.swift */; };
		6D137C462A78386800711889 /* NoResultMessage.swift in Sources */ = {isa = PBXBuildFile; fileRef = 6D137C452A78386800711889 /* NoResultMessage.swift */; };
		6D137C482A78387A00711889 /* InsetLabel.swift in Sources */ = {isa = PBXBuildFile; fileRef = 6D137C472A78387A00711889 /* InsetLabel.swift */; };
		6D137C4A2A78389000711889 /* LabelTop.swift in Sources */ = {isa = PBXBuildFile; fileRef = 6D137C492A78389000711889 /* LabelTop.swift */; };
		6D137C4D2A78390C00711889 /* SellerMenuCollectionView.swift in Sources */ = {isa = PBXBuildFile; fileRef = 6D137C4C2A78390C00711889 /* SellerMenuCollectionView.swift */; };
		6D137C502A7847E200711889 /* DashBoardStats.swift in Sources */ = {isa = PBXBuildFile; fileRef = 6D137C4F2A7847E200711889 /* DashBoardStats.swift */; };
		6D137C522A78483200711889 /* VerificationStatusView.swift in Sources */ = {isa = PBXBuildFile; fileRef = 6D137C512A78483200711889 /* VerificationStatusView.swift */; };
		6D137C542A78588C00711889 /* DashBoardStatsElement.swift in Sources */ = {isa = PBXBuildFile; fileRef = 6D137C532A78588C00711889 /* DashBoardStatsElement.swift */; };
		6D137C562A78629200711889 /* AddListingViewController.swift in Sources */ = {isa = PBXBuildFile; fileRef = 6D137C552A78629200711889 /* AddListingViewController.swift */; };
		6D137C592A7863D400711889 /* SettingSellerMenuDelegate.swift in Sources */ = {isa = PBXBuildFile; fileRef = 6D137C582A7863D400711889 /* SettingSellerMenuDelegate.swift */; };
		6D137C5B2A786FD100711889 /* ImageListingCell.swift in Sources */ = {isa = PBXBuildFile; fileRef = 6D137C5A2A786FD100711889 /* ImageListingCell.swift */; };
		6D137C5D2A78872700711889 /* CreateListingDelegate.swift in Sources */ = {isa = PBXBuildFile; fileRef = 6D137C5C2A78872700711889 /* CreateListingDelegate.swift */; };
		6D137C602A788FF700711889 /* DropdownMenuController.swift in Sources */ = {isa = PBXBuildFile; fileRef = 6D137C5F2A788FF700711889 /* DropdownMenuController.swift */; };
		6D137C622A789E0300711889 /* LabeledTextField.swift in Sources */ = {isa = PBXBuildFile; fileRef = 6D137C612A789E0300711889 /* LabeledTextField.swift */; };
		6D137C642A78A64400711889 /* BorderedTextField.swift in Sources */ = {isa = PBXBuildFile; fileRef = 6D137C632A78A64400711889 /* BorderedTextField.swift */; };
		6D2879112A718EB800FDA177 /* BuyerTabController.swift in Sources */ = {isa = PBXBuildFile; fileRef = 6D2879102A718EB800FDA177 /* BuyerTabController.swift */; };
		6D2879142A71922E00FDA177 /* Service.swift in Sources */ = {isa = PBXBuildFile; fileRef = 6D2879132A71922E00FDA177 /* Service.swift */; };
		6D2879162A71923A00FDA177 /* Request.swift in Sources */ = {isa = PBXBuildFile; fileRef = 6D2879152A71923A00FDA177 /* Request.swift */; };
		6D2879182A7192DC00FDA177 /* Endpoint.swift in Sources */ = {isa = PBXBuildFile; fileRef = 6D2879172A7192DC00FDA177 /* Endpoint.swift */; };
		6D28791A2A71BD8000FDA177 /* AuthResponse.swift in Sources */ = {isa = PBXBuildFile; fileRef = 6D2879192A71BD8000FDA177 /* AuthResponse.swift */; };
		6D28791C2A71C45800FDA177 /* ErrorResponse.swift in Sources */ = {isa = PBXBuildFile; fileRef = 6D28791B2A71C45800FDA177 /* ErrorResponse.swift */; };
		6D2879212A71E59B00FDA177 /* CustomButton.swift in Sources */ = {isa = PBXBuildFile; fileRef = 6D2879202A71E59B00FDA177 /* CustomButton.swift */; };
		6D2D92262A6DF54F005AE6E6 /* AppDelegate.swift in Sources */ = {isa = PBXBuildFile; fileRef = 6D2D92252A6DF54F005AE6E6 /* AppDelegate.swift */; };
		6D2D92282A6DF54F005AE6E6 /* SceneDelegate.swift in Sources */ = {isa = PBXBuildFile; fileRef = 6D2D92272A6DF54F005AE6E6 /* SceneDelegate.swift */; };
		6D2D922A2A6DF54F005AE6E6 /* ViewController.swift in Sources */ = {isa = PBXBuildFile; fileRef = 6D2D92292A6DF54F005AE6E6 /* ViewController.swift */; };
		6D2D922F2A6DF550005AE6E6 /* Assets.xcassets in Resources */ = {isa = PBXBuildFile; fileRef = 6D2D922E2A6DF550005AE6E6 /* Assets.xcassets */; };
		6D2D92322A6DF550005AE6E6 /* LaunchScreen.storyboard in Resources */ = {isa = PBXBuildFile; fileRef = 6D2D92302A6DF550005AE6E6 /* LaunchScreen.storyboard */; };
		6D5900082A73FC1D00400F80 /* Controller.swift in Sources */ = {isa = PBXBuildFile; fileRef = 6D5900072A73FC1D00400F80 /* Controller.swift */; };
		6D59000B2A747D4200400F80 /* Stripe in Frameworks */ = {isa = PBXBuildFile; productRef = 6D59000A2A747D4200400F80 /* Stripe */; };
		6D59000D2A747D4200400F80 /* StripeApplePay in Frameworks */ = {isa = PBXBuildFile; productRef = 6D59000C2A747D4200400F80 /* StripeApplePay */; };
		6D59000F2A747D4200400F80 /* StripeCardScan in Frameworks */ = {isa = PBXBuildFile; productRef = 6D59000E2A747D4200400F80 /* StripeCardScan */; };
		6D5900112A747D4200400F80 /* StripeFinancialConnections in Frameworks */ = {isa = PBXBuildFile; productRef = 6D5900102A747D4200400F80 /* StripeFinancialConnections */; };
		6D5900132A747D4200400F80 /* StripeIdentity in Frameworks */ = {isa = PBXBuildFile; productRef = 6D5900122A747D4200400F80 /* StripeIdentity */; };
		6D5900152A747D4200400F80 /* StripePaymentSheet in Frameworks */ = {isa = PBXBuildFile; productRef = 6D5900142A747D4200400F80 /* StripePaymentSheet */; };
		6D5900172A747D4200400F80 /* StripePayments in Frameworks */ = {isa = PBXBuildFile; productRef = 6D5900162A747D4200400F80 /* StripePayments */; };
		6D5900192A747D4200400F80 /* StripePaymentsUI in Frameworks */ = {isa = PBXBuildFile; productRef = 6D5900182A747D4200400F80 /* StripePaymentsUI */; };
		6D59001C2A748D5600400F80 /* ConnectOnboardViewController.swift in Sources */ = {isa = PBXBuildFile; fileRef = 6D59001B2A748D5600400F80 /* ConnectOnboardViewController.swift */; };
		6D6A96612A7C2B280042C39F /* GlobalArrays.swift in Sources */ = {isa = PBXBuildFile; fileRef = 6D6A96602A7C2B280042C39F /* GlobalArrays.swift */; };
		6D6A96642A7C30050042C39F /* File.swift in Sources */ = {isa = PBXBuildFile; fileRef = 6D6A96632A7C30050042C39F /* File.swift */; };
		6D6A96662A7C30100042C39F /* ImageExtensions.swift in Sources */ = {isa = PBXBuildFile; fileRef = 6D6A96652A7C30100042C39F /* ImageExtensions.swift */; };
		6D6A96682A7C413E0042C39F /* CustomTextFieldV2.swift in Sources */ = {isa = PBXBuildFile; fileRef = 6D6A96672A7C413E0042C39F /* CustomTextFieldV2.swift */; };
		6D6A966A2A7C7CE40042C39F /* ProductViewController.swift in Sources */ = {isa = PBXBuildFile; fileRef = 6D6A96692A7C7CE40042C39F /* ProductViewController.swift */; };
		6D6A966C2A7C81B90042C39F /* ProductCellImage.swift in Sources */ = {isa = PBXBuildFile; fileRef = 6D6A966B2A7C81B90042C39F /* ProductCellImage.swift */; };
		6D6A966E2A7C89FB0042C39F /* VariantField.swift in Sources */ = {isa = PBXBuildFile; fileRef = 6D6A966D2A7C89FB0042C39F /* VariantField.swift */; };
		6D6A96702A7C9A9C0042C39F /* ReviewTableViewCell.swift in Sources */ = {isa = PBXBuildFile; fileRef = 6D6A966F2A7C9A9C0042C39F /* ReviewTableViewCell.swift */; };
		6D6A96722A7CA2FD0042C39F /* ReviewRating.swift in Sources */ = {isa = PBXBuildFile; fileRef = 6D6A96712A7CA2FD0042C39F /* ReviewRating.swift */; };
		6DAE939E2A773F8000AF3F25 /* AuthManager.swift in Sources */ = {isa = PBXBuildFile; fileRef = 6DAE939D2A773F8000AF3F25 /* AuthManager.swift */; };
		6DAE93A02A7742B000AF3F25 /* ErrorManager.swift in Sources */ = {isa = PBXBuildFile; fileRef = 6DAE939F2A7742B000AF3F25 /* ErrorManager.swift */; };
		6DBE09822A7D45430093CE34 /* ImageViewExtensions.swift in Sources */ = {isa = PBXBuildFile; fileRef = 6DBE09812A7D45430093CE34 /* ImageViewExtensions.swift */; };
		6DBE09842A7D46680093CE34 /* StackManager.swift in Sources */ = {isa = PBXBuildFile; fileRef = 6DBE09832A7D46680093CE34 /* StackManager.swift */; };
		6DBFEA4E2A729F80001D6C53 /* Anchors.swift in Sources */ = {isa = PBXBuildFile; fileRef = 6DBFEA4D2A729F80001D6C53 /* Anchors.swift */; };
		6DBFEA512A72B218001D6C53 /* AlertManager.swift in Sources */ = {isa = PBXBuildFile; fileRef = 6DBFEA502A72B218001D6C53 /* AlertManager.swift */; };
		6DBFEA532A72D532001D6C53 /* User.swift in Sources */ = {isa = PBXBuildFile; fileRef = 6DBFEA522A72D532001D6C53 /* User.swift */; };
		6DBFEA552A72D56B001D6C53 /* LoginViewModel.swift in Sources */ = {isa = PBXBuildFile; fileRef = 6DBFEA542A72D56B001D6C53 /* LoginViewModel.swift */; };
		6DBFEA582A72D60C001D6C53 /* ObservableObject.swift in Sources */ = {isa = PBXBuildFile; fileRef = 6DBFEA572A72D60C001D6C53 /* ObservableObject.swift */; };
		6DBFEA5A2A72F184001D6C53 /* VerifyEmailViewController.swift in Sources */ = {isa = PBXBuildFile; fileRef = 6DBFEA592A72F184001D6C53 /* VerifyEmailViewController.swift */; };
		6DBFEA5C2A72FC5D001D6C53 /* RestrictedController.swift in Sources */ = {isa = PBXBuildFile; fileRef = 6DBFEA5B2A72FC5D001D6C53 /* RestrictedController.swift */; };
		6DBFEA5F2A730297001D6C53 /* LikesViewController.swift in Sources */ = {isa = PBXBuildFile; fileRef = 6DBFEA5E2A730297001D6C53 /* LikesViewController.swift */; };
		6DBFEA612A7303BB001D6C53 /* ProfileViewController.swift in Sources */ = {isa = PBXBuildFile; fileRef = 6DBFEA602A7303BB001D6C53 /* ProfileViewController.swift */; };
		6DBFEA632A7303CE001D6C53 /* CartViewController.swift in Sources */ = {isa = PBXBuildFile; fileRef = 6DBFEA622A7303CE001D6C53 /* CartViewController.swift */; };
		6DBFEA652A7303E6001D6C53 /* SettingsViewController.swift in Sources */ = {isa = PBXBuildFile; fileRef = 6DBFEA642A7303E6001D6C53 /* SettingsViewController.swift */; };
		6DBFEA672A730403001D6C53 /* ResetPasswordViewController.swift in Sources */ = {isa = PBXBuildFile; fileRef = 6DBFEA662A730403001D6C53 /* ResetPasswordViewController.swift */; };
		6DBFEA692A730419001D6C53 /* BuyersOrdersViewController.swift in Sources */ = {isa = PBXBuildFile; fileRef = 6DBFEA682A730419001D6C53 /* BuyersOrdersViewController.swift */; };
		6DBFEA6C2A7304B5001D6C53 /* SingleItemViewController.swift in Sources */ = {isa = PBXBuildFile; fileRef = 6DBFEA6B2A7304B5001D6C53 /* SingleItemViewController.swift */; };
		6DBFEA6E2A7304C5001D6C53 /* CategoryViewController.swift in Sources */ = {isa = PBXBuildFile; fileRef = 6DBFEA6D2A7304C5001D6C53 /* CategoryViewController.swift */; };
		6DBFEA722A73051D001D6C53 /* ManageOrderController.swift in Sources */ = {isa = PBXBuildFile; fileRef = 6DBFEA712A73051D001D6C53 /* ManageOrderController.swift */; };
		6DBFEA742A73053D001D6C53 /* ManageListingsViewController.swift in Sources */ = {isa = PBXBuildFile; fileRef = 6DBFEA732A73053D001D6C53 /* ManageListingsViewController.swift */; };
		6DBFEA762A730553001D6C53 /* DashboardViewController.swift in Sources */ = {isa = PBXBuildFile; fileRef = 6DBFEA752A730553001D6C53 /* DashboardViewController.swift */; };
		6DBFEA782A730563001D6C53 /* ShopViewController.swift in Sources */ = {isa = PBXBuildFile; fileRef = 6DBFEA772A730563001D6C53 /* ShopViewController.swift */; };
		6DBFEA7F2A730726001D6C53 /* BecomeSellerViewController.swift in Sources */ = {isa = PBXBuildFile; fileRef = 6DBFEA7E2A730726001D6C53 /* BecomeSellerViewController.swift */; };
		6DD19DA02A75A55E004F02B5 /* OnBoardingLaunchViewController.swift in Sources */ = {isa = PBXBuildFile; fileRef = 6DD19D9F2A75A55E004F02B5 /* OnBoardingLaunchViewController.swift */; };
		6DD19DA32A75B0F1004F02B5 /* PagingController.swift in Sources */ = {isa = PBXBuildFile; fileRef = 6DD19DA22A75B0F1004F02B5 /* PagingController.swift */; };
		6DD19DA52A75B123004F02B5 /* PageCell.swift in Sources */ = {isa = PBXBuildFile; fileRef = 6DD19DA42A75B123004F02B5 /* PageCell.swift */; };
		6DD19DA72A75B149004F02B5 /* PageModel.swift in Sources */ = {isa = PBXBuildFile; fileRef = 6DD19DA62A75B149004F02B5 /* PageModel.swift */; };
		6DD19DA92A75BFA6004F02B5 /* CountryPickerView.swift in Sources */ = {isa = PBXBuildFile; fileRef = 6DD19DA82A75BFA6004F02B5 /* CountryPickerView.swift */; };
		6DD19DAB2A75C3E3004F02B5 /* PickerViewWrapper.swift in Sources */ = {isa = PBXBuildFile; fileRef = 6DD19DAA2A75C3E3004F02B5 /* PickerViewWrapper.swift */; };
		6DD19DAD2A75D8EF004F02B5 /* PromoModel.swift in Sources */ = {isa = PBXBuildFile; fileRef = 6DD19DAC2A75D8EF004F02B5 /* PromoModel.swift */; };
		6DD19DAF2A75D954004F02B5 /* OnBoardingCell.swift in Sources */ = {isa = PBXBuildFile; fileRef = 6DD19DAE2A75D954004F02B5 /* OnBoardingCell.swift */; };
		6DD19DB12A75E577004F02B5 /* OnBoardingResponse.swift in Sources */ = {isa = PBXBuildFile; fileRef = 6DD19DB02A75E577004F02B5 /* OnBoardingResponse.swift */; };
		6DD19DB32A75E829004F02B5 /* OnBoardingLinkViewController.swift in Sources */ = {isa = PBXBuildFile; fileRef = 6DD19DB22A75E829004F02B5 /* OnBoardingLinkViewController.swift */; };
		6DD19DB52A75F978004F02B5 /* OnBoardingCollectionView.swift in Sources */ = {isa = PBXBuildFile; fileRef = 6DD19DB42A75F978004F02B5 /* OnBoardingCollectionView.swift */; };
		6DD19DB72A760039004F02B5 /* SellerResponse.swift in Sources */ = {isa = PBXBuildFile; fileRef = 6DD19DB62A760039004F02B5 /* SellerResponse.swift */; };
		6DD1A0A62A79402300666AAA /* LabeledTextView.swift in Sources */ = {isa = PBXBuildFile; fileRef = 6DD1A0A52A79402300666AAA /* LabeledTextView.swift */; };
		6DD1A0A82A79541800666AAA /* CustomSelectableView.swift in Sources */ = {isa = PBXBuildFile; fileRef = 6DD1A0A72A79541800666AAA /* CustomSelectableView.swift */; };
		6DD1A0AA2A79906B00666AAA /* TimeProcessingView.swift in Sources */ = {isa = PBXBuildFile; fileRef = 6DD1A0A92A79906B00666AAA /* TimeProcessingView.swift */; };
		6DD1A0AC2A799C9F00666AAA /* NumberPickerView.swift in Sources */ = {isa = PBXBuildFile; fileRef = 6DD1A0AB2A799C9F00666AAA /* NumberPickerView.swift */; };
		6DD1A0AF2A79BA6B00666AAA /* SimpleCheckbox in Frameworks */ = {isa = PBXBuildFile; productRef = 6DD1A0AE2A79BA6B00666AAA /* SimpleCheckbox */; };
		6DD390E62A708D9C00C61808 /* LoginViewController.swift in Sources */ = {isa = PBXBuildFile; fileRef = 6DD390E52A708D9C00C61808 /* LoginViewController.swift */; };
		6DD390E82A708DAF00C61808 /* RegisterViewController.swift in Sources */ = {isa = PBXBuildFile; fileRef = 6DD390E72A708DAF00C61808 /* RegisterViewController.swift */; };
		6DD390EB2A709C5800C61808 /* ForgotPasswordViewController.swift in Sources */ = {isa = PBXBuildFile; fileRef = 6DD390EA2A709C5800C61808 /* ForgotPasswordViewController.swift */; };
		6DD390ED2A709C7C00C61808 /* HomeViewController.swift in Sources */ = {isa = PBXBuildFile; fileRef = 6DD390EC2A709C7C00C61808 /* HomeViewController.swift */; };
		6DD390F02A709EC800C61808 /* CustomTextField.swift in Sources */ = {isa = PBXBuildFile; fileRef = 6DD390EF2A709EC800C61808 /* CustomTextField.swift */; };
		6DD390F22A709ED800C61808 /* AuthHeaderView.swift in Sources */ = {isa = PBXBuildFile; fileRef = 6DD390F12A709ED800C61808 /* AuthHeaderView.swift */; };
		6DD390F42A709F6D00C61808 /* WebViewController.swift in Sources */ = {isa = PBXBuildFile; fileRef = 6DD390F32A709F6D00C61808 /* WebViewController.swift */; };
/* End PBXBuildFile section */

/* Begin PBXContainerItemProxy section */
		6D2D92392A6DF550005AE6E6 /* PBXContainerItemProxy */ = {
			isa = PBXContainerItemProxy;
			containerPortal = 6D2D921A2A6DF54F005AE6E6 /* Project object */;
			proxyType = 1;
			remoteGlobalIDString = 6D2D92212A6DF54F005AE6E6;
			remoteInfo = PersonifyMe;
		};
		6D2D92432A6DF550005AE6E6 /* PBXContainerItemProxy */ = {
			isa = PBXContainerItemProxy;
			containerPortal = 6D2D921A2A6DF54F005AE6E6 /* Project object */;
			proxyType = 1;
			remoteGlobalIDString = 6D2D92212A6DF54F005AE6E6;
			remoteInfo = PersonifyMe;
		};
/* End PBXContainerItemProxy section */

/* Begin PBXFileReference section */
		6D024BFF2A76FB2700E678EB /* ApiResponse.swift */ = {isa = PBXFileReference; lastKnownFileType = sourcecode.swift; path = ApiResponse.swift; sourceTree = "<group>"; };
		6D024C012A76FC1600E678EB /* ApiErrorResponse.swift */ = {isa = PBXFileReference; lastKnownFileType = sourcecode.swift; path = ApiErrorResponse.swift; sourceTree = "<group>"; };
		6D024C032A77002700E678EB /* TokenResponse.swift */ = {isa = PBXFileReference; lastKnownFileType = sourcecode.swift; path = TokenResponse.swift; sourceTree = "<group>"; };
		6D0401F12A734A6400347870 /* SuccessResponse.swift */ = {isa = PBXFileReference; lastKnownFileType = sourcecode.swift; path = SuccessResponse.swift; sourceTree = "<group>"; };
		6D057E8C2A7A8C2F00F79A47 /* Product.swift */ = {isa = PBXFileReference; lastKnownFileType = sourcecode.swift; path = Product.swift; sourceTree = "<group>"; };
		6D057E8E2A7B0E3000F79A47 /* Category.swift */ = {isa = PBXFileReference; lastKnownFileType = sourcecode.swift; path = Category.swift; sourceTree = "<group>"; };
		6D057E902A7B0E3E00F79A47 /* Review.swift */ = {isa = PBXFileReference; lastKnownFileType = sourcecode.swift; path = Review.swift; sourceTree = "<group>"; };
		6D057E922A7B0E5E00F79A47 /* Seller.swift */ = {isa = PBXFileReference; lastKnownFileType = sourcecode.swift; path = Seller.swift; sourceTree = "<group>"; };
		6D057E942A7B1FFA00F79A47 /* BannerCell.swift */ = {isa = PBXFileReference; lastKnownFileType = sourcecode.swift; path = BannerCell.swift; sourceTree = "<group>"; };
		6D057E962A7B24C600F79A47 /* ProductCell.swift */ = {isa = PBXFileReference; lastKnownFileType = sourcecode.swift; path = ProductCell.swift; sourceTree = "<group>"; };
		6D057E982A7B2D7000F79A47 /* TagCell.swift */ = {isa = PBXFileReference; lastKnownFileType = sourcecode.swift; path = TagCell.swift; sourceTree = "<group>"; };
		6D057E9A2A7B348700F79A47 /* CategoryHomeCell.swift */ = {isa = PBXFileReference; lastKnownFileType = sourcecode.swift; path = CategoryHomeCell.swift; sourceTree = "<group>"; };
		6D057E9C2A7B480600F79A47 /* CustomHomeMenu.swift */ = {isa = PBXFileReference; lastKnownFileType = sourcecode.swift; path = CustomHomeMenu.swift; sourceTree = "<group>"; };
		6D10E7272A7DB308000C4398 /* ReviewProductHeader.swift */ = {isa = PBXFileReference; lastKnownFileType = sourcecode.swift; path = ReviewProductHeader.swift; sourceTree = "<group>"; };
		6D10E7292A7DC1C1000C4398 /* CreateReviePopControllerw.swift */ = {isa = PBXFileReference; lastKnownFileType = sourcecode.swift; path = CreateReviePopControllerw.swift; sourceTree = "<group>"; };
		6D10E72B2A7DF561000C4398 /* TimeManager.swift */ = {isa = PBXFileReference; lastKnownFileType = sourcecode.swift; path = TimeManager.swift; sourceTree = "<group>"; };
		6D10E72D2A7DFAA9000C4398 /* DynamicTableView.swift */ = {isa = PBXFileReference; lastKnownFileType = sourcecode.swift; path = DynamicTableView.swift; sourceTree = "<group>"; };
		6D10E72F2A7E0093000C4398 /* ProductLikeCell.swift */ = {isa = PBXFileReference; lastKnownFileType = sourcecode.swift; path = ProductLikeCell.swift; sourceTree = "<group>"; };
		6D127FC02A7E979E003DBD16 /* AccordionTableView.swift */ = {isa = PBXFileReference; lastKnownFileType = sourcecode.swift; path = AccordionTableView.swift; sourceTree = "<group>"; };
		6D127FC22A7EA754003DBD16 /* CustomHeaderView.swift */ = {isa = PBXFileReference; lastKnownFileType = sourcecode.swift; path = CustomHeaderView.swift; sourceTree = "<group>"; };
		6D127FC42A7EC019003DBD16 /* CategoryLabelCell.swift */ = {isa = PBXFileReference; lastKnownFileType = sourcecode.swift; path = CategoryLabelCell.swift; sourceTree = "<group>"; };
		6D127FC62A7ECBE8003DBD16 /* SearchResultViewController.swift */ = {isa = PBXFileReference; lastKnownFileType = sourcecode.swift; path = SearchResultViewController.swift; sourceTree = "<group>"; };
		6D127FC82A7ECC7C003DBD16 /* SearchHomeView.swift */ = {isa = PBXFileReference; lastKnownFileType = sourcecode.swift; path = SearchHomeView.swift; sourceTree = "<group>"; };
		6D127FCA2A7EF97C003DBD16 /* ContainerHomeController.swift */ = {isa = PBXFileReference; lastKnownFileType = sourcecode.swift; path = ContainerHomeController.swift; sourceTree = "<group>"; };
		6D127FCC2A7F23BC003DBD16 /* ZeroInset.swift */ = {isa = PBXFileReference; lastKnownFileType = sourcecode.swift; path = ZeroInset.swift; sourceTree = "<group>"; };
		6D137C352A781FEC00711889 /* StripeStatusResponse.swift */ = {isa = PBXFileReference; lastKnownFileType = sourcecode.swift; path = StripeStatusResponse.swift; sourceTree = "<group>"; };
		6D137C372A78331800711889 /* SellerMenu.swift */ = {isa = PBXFileReference; lastKnownFileType = sourcecode.swift; path = SellerMenu.swift; sourceTree = "<group>"; };
		6D137C3A2A78375700711889 /* SellerMenuCell.swift */ = {isa = PBXFileReference; lastKnownFileType = sourcecode.swift; path = SellerMenuCell.swift; sourceTree = "<group>"; };
		6D137C402A78380B00711889 /* CustomCell.swift */ = {isa = PBXFileReference; lastKnownFileType = sourcecode.swift; path = CustomCell.swift; sourceTree = "<group>"; };
		6D137C432A78385400711889 /* CustomImageView.swift */ = {isa = PBXFileReference; lastKnownFileType = sourcecode.swift; path = CustomImageView.swift; sourceTree = "<group>"; };
		6D137C452A78386800711889 /* NoResultMessage.swift */ = {isa = PBXFileReference; lastKnownFileType = sourcecode.swift; path = NoResultMessage.swift; sourceTree = "<group>"; };
		6D137C472A78387A00711889 /* InsetLabel.swift */ = {isa = PBXFileReference; lastKnownFileType = sourcecode.swift; path = InsetLabel.swift; sourceTree = "<group>"; };
		6D137C492A78389000711889 /* LabelTop.swift */ = {isa = PBXFileReference; lastKnownFileType = sourcecode.swift; path = LabelTop.swift; sourceTree = "<group>"; };
		6D137C4C2A78390C00711889 /* SellerMenuCollectionView.swift */ = {isa = PBXFileReference; lastKnownFileType = sourcecode.swift; path = SellerMenuCollectionView.swift; sourceTree = "<group>"; };
		6D137C4F2A7847E200711889 /* DashBoardStats.swift */ = {isa = PBXFileReference; lastKnownFileType = sourcecode.swift; path = DashBoardStats.swift; sourceTree = "<group>"; };
		6D137C512A78483200711889 /* VerificationStatusView.swift */ = {isa = PBXFileReference; lastKnownFileType = sourcecode.swift; path = VerificationStatusView.swift; sourceTree = "<group>"; };
		6D137C532A78588C00711889 /* DashBoardStatsElement.swift */ = {isa = PBXFileReference; lastKnownFileType = sourcecode.swift; path = DashBoardStatsElement.swift; sourceTree = "<group>"; };
		6D137C552A78629200711889 /* AddListingViewController.swift */ = {isa = PBXFileReference; lastKnownFileType = sourcecode.swift; path = AddListingViewController.swift; sourceTree = "<group>"; };
		6D137C582A7863D400711889 /* SettingSellerMenuDelegate.swift */ = {isa = PBXFileReference; lastKnownFileType = sourcecode.swift; path = SettingSellerMenuDelegate.swift; sourceTree = "<group>"; };
		6D137C5A2A786FD100711889 /* ImageListingCell.swift */ = {isa = PBXFileReference; lastKnownFileType = sourcecode.swift; path = ImageListingCell.swift; sourceTree = "<group>"; };
		6D137C5C2A78872700711889 /* CreateListingDelegate.swift */ = {isa = PBXFileReference; lastKnownFileType = sourcecode.swift; path = CreateListingDelegate.swift; sourceTree = "<group>"; };
		6D137C5F2A788FF700711889 /* DropdownMenuController.swift */ = {isa = PBXFileReference; lastKnownFileType = sourcecode.swift; path = DropdownMenuController.swift; sourceTree = "<group>"; };
		6D137C612A789E0300711889 /* LabeledTextField.swift */ = {isa = PBXFileReference; lastKnownFileType = sourcecode.swift; path = LabeledTextField.swift; sourceTree = "<group>"; };
		6D137C632A78A64400711889 /* BorderedTextField.swift */ = {isa = PBXFileReference; lastKnownFileType = sourcecode.swift; path = BorderedTextField.swift; sourceTree = "<group>"; };
		6D2879102A718EB800FDA177 /* BuyerTabController.swift */ = {isa = PBXFileReference; lastKnownFileType = sourcecode.swift; path = BuyerTabController.swift; sourceTree = "<group>"; };
		6D2879132A71922E00FDA177 /* Service.swift */ = {isa = PBXFileReference; lastKnownFileType = sourcecode.swift; path = Service.swift; sourceTree = "<group>"; };
		6D2879152A71923A00FDA177 /* Request.swift */ = {isa = PBXFileReference; lastKnownFileType = sourcecode.swift; path = Request.swift; sourceTree = "<group>"; };
		6D2879172A7192DC00FDA177 /* Endpoint.swift */ = {isa = PBXFileReference; lastKnownFileType = sourcecode.swift; path = Endpoint.swift; sourceTree = "<group>"; };
		6D2879192A71BD8000FDA177 /* AuthResponse.swift */ = {isa = PBXFileReference; lastKnownFileType = sourcecode.swift; path = AuthResponse.swift; sourceTree = "<group>"; };
		6D28791B2A71C45800FDA177 /* ErrorResponse.swift */ = {isa = PBXFileReference; lastKnownFileType = sourcecode.swift; path = ErrorResponse.swift; sourceTree = "<group>"; };
		6D2879202A71E59B00FDA177 /* CustomButton.swift */ = {isa = PBXFileReference; lastKnownFileType = sourcecode.swift; path = CustomButton.swift; sourceTree = "<group>"; };
		6D2D92222A6DF54F005AE6E6 /* PersonifyMe.app */ = {isa = PBXFileReference; explicitFileType = wrapper.application; includeInIndex = 0; path = PersonifyMe.app; sourceTree = BUILT_PRODUCTS_DIR; };
		6D2D92252A6DF54F005AE6E6 /* AppDelegate.swift */ = {isa = PBXFileReference; lastKnownFileType = sourcecode.swift; path = AppDelegate.swift; sourceTree = "<group>"; };
		6D2D92272A6DF54F005AE6E6 /* SceneDelegate.swift */ = {isa = PBXFileReference; lastKnownFileType = sourcecode.swift; path = SceneDelegate.swift; sourceTree = "<group>"; };
		6D2D92292A6DF54F005AE6E6 /* ViewController.swift */ = {isa = PBXFileReference; lastKnownFileType = sourcecode.swift; path = ViewController.swift; sourceTree = "<group>"; };
		6D2D922E2A6DF550005AE6E6 /* Assets.xcassets */ = {isa = PBXFileReference; lastKnownFileType = folder.assetcatalog; path = Assets.xcassets; sourceTree = "<group>"; };
		6D2D92312A6DF550005AE6E6 /* Base */ = {isa = PBXFileReference; lastKnownFileType = file.storyboard; name = Base; path = Base.lproj/LaunchScreen.storyboard; sourceTree = "<group>"; };
		6D2D92332A6DF550005AE6E6 /* Info.plist */ = {isa = PBXFileReference; lastKnownFileType = text.plist.xml; path = Info.plist; sourceTree = "<group>"; };
		6D2D92382A6DF550005AE6E6 /* PersonifyMeTests.xctest */ = {isa = PBXFileReference; explicitFileType = wrapper.cfbundle; includeInIndex = 0; path = PersonifyMeTests.xctest; sourceTree = BUILT_PRODUCTS_DIR; };
		6D2D92422A6DF550005AE6E6 /* PersonifyMeUITests.xctest */ = {isa = PBXFileReference; explicitFileType = wrapper.cfbundle; includeInIndex = 0; path = PersonifyMeUITests.xctest; sourceTree = BUILT_PRODUCTS_DIR; };
		6D5900072A73FC1D00400F80 /* Controller.swift */ = {isa = PBXFileReference; lastKnownFileType = sourcecode.swift; path = Controller.swift; sourceTree = "<group>"; };
		6D59001B2A748D5600400F80 /* ConnectOnboardViewController.swift */ = {isa = PBXFileReference; lastKnownFileType = sourcecode.swift; path = ConnectOnboardViewController.swift; sourceTree = "<group>"; };
		6D6A96602A7C2B280042C39F /* GlobalArrays.swift */ = {isa = PBXFileReference; lastKnownFileType = sourcecode.swift; path = GlobalArrays.swift; sourceTree = "<group>"; };
		6D6A96632A7C30050042C39F /* File.swift */ = {isa = PBXFileReference; lastKnownFileType = sourcecode.swift; path = File.swift; sourceTree = "<group>"; };
		6D6A96652A7C30100042C39F /* ImageExtensions.swift */ = {isa = PBXFileReference; lastKnownFileType = sourcecode.swift; path = ImageExtensions.swift; sourceTree = "<group>"; };
		6D6A96672A7C413E0042C39F /* CustomTextFieldV2.swift */ = {isa = PBXFileReference; lastKnownFileType = sourcecode.swift; path = CustomTextFieldV2.swift; sourceTree = "<group>"; };
		6D6A96692A7C7CE40042C39F /* ProductViewController.swift */ = {isa = PBXFileReference; lastKnownFileType = sourcecode.swift; path = ProductViewController.swift; sourceTree = "<group>"; };
		6D6A966B2A7C81B90042C39F /* ProductCellImage.swift */ = {isa = PBXFileReference; lastKnownFileType = sourcecode.swift; path = ProductCellImage.swift; sourceTree = "<group>"; };
		6D6A966D2A7C89FB0042C39F /* VariantField.swift */ = {isa = PBXFileReference; lastKnownFileType = sourcecode.swift; path = VariantField.swift; sourceTree = "<group>"; };
		6D6A966F2A7C9A9C0042C39F /* ReviewTableViewCell.swift */ = {isa = PBXFileReference; lastKnownFileType = sourcecode.swift; path = ReviewTableViewCell.swift; sourceTree = "<group>"; };
		6D6A96712A7CA2FD0042C39F /* ReviewRating.swift */ = {isa = PBXFileReference; lastKnownFileType = sourcecode.swift; path = ReviewRating.swift; sourceTree = "<group>"; };
		6DAE939D2A773F8000AF3F25 /* AuthManager.swift */ = {isa = PBXFileReference; lastKnownFileType = sourcecode.swift; path = AuthManager.swift; sourceTree = "<group>"; };
		6DAE939F2A7742B000AF3F25 /* ErrorManager.swift */ = {isa = PBXFileReference; lastKnownFileType = sourcecode.swift; path = ErrorManager.swift; sourceTree = "<group>"; };
		6DBE09812A7D45430093CE34 /* ImageViewExtensions.swift */ = {isa = PBXFileReference; lastKnownFileType = sourcecode.swift; path = ImageViewExtensions.swift; sourceTree = "<group>"; };
		6DBE09832A7D46680093CE34 /* StackManager.swift */ = {isa = PBXFileReference; lastKnownFileType = sourcecode.swift; path = StackManager.swift; sourceTree = "<group>"; };
		6DBFEA4D2A729F80001D6C53 /* Anchors.swift */ = {isa = PBXFileReference; lastKnownFileType = sourcecode.swift; path = Anchors.swift; sourceTree = "<group>"; };
		6DBFEA502A72B218001D6C53 /* AlertManager.swift */ = {isa = PBXFileReference; lastKnownFileType = sourcecode.swift; path = AlertManager.swift; sourceTree = "<group>"; };
		6DBFEA522A72D532001D6C53 /* User.swift */ = {isa = PBXFileReference; lastKnownFileType = sourcecode.swift; path = User.swift; sourceTree = "<group>"; };
		6DBFEA542A72D56B001D6C53 /* LoginViewModel.swift */ = {isa = PBXFileReference; lastKnownFileType = sourcecode.swift; path = LoginViewModel.swift; sourceTree = "<group>"; };
		6DBFEA572A72D60C001D6C53 /* ObservableObject.swift */ = {isa = PBXFileReference; lastKnownFileType = sourcecode.swift; path = ObservableObject.swift; sourceTree = "<group>"; };
		6DBFEA592A72F184001D6C53 /* VerifyEmailViewController.swift */ = {isa = PBXFileReference; lastKnownFileType = sourcecode.swift; path = VerifyEmailViewController.swift; sourceTree = "<group>"; };
		6DBFEA5B2A72FC5D001D6C53 /* RestrictedController.swift */ = {isa = PBXFileReference; lastKnownFileType = sourcecode.swift; path = RestrictedController.swift; sourceTree = "<group>"; };
		6DBFEA5E2A730297001D6C53 /* LikesViewController.swift */ = {isa = PBXFileReference; lastKnownFileType = sourcecode.swift; path = LikesViewController.swift; sourceTree = "<group>"; };
		6DBFEA602A7303BB001D6C53 /* ProfileViewController.swift */ = {isa = PBXFileReference; lastKnownFileType = sourcecode.swift; path = ProfileViewController.swift; sourceTree = "<group>"; };
		6DBFEA622A7303CE001D6C53 /* CartViewController.swift */ = {isa = PBXFileReference; lastKnownFileType = sourcecode.swift; path = CartViewController.swift; sourceTree = "<group>"; };
		6DBFEA642A7303E6001D6C53 /* SettingsViewController.swift */ = {isa = PBXFileReference; lastKnownFileType = sourcecode.swift; path = SettingsViewController.swift; sourceTree = "<group>"; };
		6DBFEA662A730403001D6C53 /* ResetPasswordViewController.swift */ = {isa = PBXFileReference; lastKnownFileType = sourcecode.swift; path = ResetPasswordViewController.swift; sourceTree = "<group>"; };
		6DBFEA682A730419001D6C53 /* BuyersOrdersViewController.swift */ = {isa = PBXFileReference; lastKnownFileType = sourcecode.swift; path = BuyersOrdersViewController.swift; sourceTree = "<group>"; };
		6DBFEA6B2A7304B5001D6C53 /* SingleItemViewController.swift */ = {isa = PBXFileReference; lastKnownFileType = sourcecode.swift; path = SingleItemViewController.swift; sourceTree = "<group>"; };
		6DBFEA6D2A7304C5001D6C53 /* CategoryViewController.swift */ = {isa = PBXFileReference; lastKnownFileType = sourcecode.swift; path = CategoryViewController.swift; sourceTree = "<group>"; };
		6DBFEA712A73051D001D6C53 /* ManageOrderController.swift */ = {isa = PBXFileReference; lastKnownFileType = sourcecode.swift; path = ManageOrderController.swift; sourceTree = "<group>"; };
		6DBFEA732A73053D001D6C53 /* ManageListingsViewController.swift */ = {isa = PBXFileReference; lastKnownFileType = sourcecode.swift; path = ManageListingsViewController.swift; sourceTree = "<group>"; };
		6DBFEA752A730553001D6C53 /* DashboardViewController.swift */ = {isa = PBXFileReference; lastKnownFileType = sourcecode.swift; path = DashboardViewController.swift; sourceTree = "<group>"; };
		6DBFEA772A730563001D6C53 /* ShopViewController.swift */ = {isa = PBXFileReference; lastKnownFileType = sourcecode.swift; path = ShopViewController.swift; sourceTree = "<group>"; };
		6DBFEA7E2A730726001D6C53 /* BecomeSellerViewController.swift */ = {isa = PBXFileReference; lastKnownFileType = sourcecode.swift; path = BecomeSellerViewController.swift; sourceTree = "<group>"; };
		6DD19D9F2A75A55E004F02B5 /* OnBoardingLaunchViewController.swift */ = {isa = PBXFileReference; lastKnownFileType = sourcecode.swift; path = OnBoardingLaunchViewController.swift; sourceTree = "<group>"; };
		6DD19DA22A75B0F1004F02B5 /* PagingController.swift */ = {isa = PBXFileReference; lastKnownFileType = sourcecode.swift; path = PagingController.swift; sourceTree = "<group>"; };
		6DD19DA42A75B123004F02B5 /* PageCell.swift */ = {isa = PBXFileReference; lastKnownFileType = sourcecode.swift; path = PageCell.swift; sourceTree = "<group>"; };
		6DD19DA62A75B149004F02B5 /* PageModel.swift */ = {isa = PBXFileReference; lastKnownFileType = sourcecode.swift; path = PageModel.swift; sourceTree = "<group>"; };
		6DD19DA82A75BFA6004F02B5 /* CountryPickerView.swift */ = {isa = PBXFileReference; lastKnownFileType = sourcecode.swift; path = CountryPickerView.swift; sourceTree = "<group>"; };
		6DD19DAA2A75C3E3004F02B5 /* PickerViewWrapper.swift */ = {isa = PBXFileReference; lastKnownFileType = sourcecode.swift; path = PickerViewWrapper.swift; sourceTree = "<group>"; };
		6DD19DAC2A75D8EF004F02B5 /* PromoModel.swift */ = {isa = PBXFileReference; lastKnownFileType = sourcecode.swift; path = PromoModel.swift; sourceTree = "<group>"; };
		6DD19DAE2A75D954004F02B5 /* OnBoardingCell.swift */ = {isa = PBXFileReference; lastKnownFileType = sourcecode.swift; path = OnBoardingCell.swift; sourceTree = "<group>"; };
		6DD19DB02A75E577004F02B5 /* OnBoardingResponse.swift */ = {isa = PBXFileReference; lastKnownFileType = sourcecode.swift; path = OnBoardingResponse.swift; sourceTree = "<group>"; };
		6DD19DB22A75E829004F02B5 /* OnBoardingLinkViewController.swift */ = {isa = PBXFileReference; lastKnownFileType = sourcecode.swift; path = OnBoardingLinkViewController.swift; sourceTree = "<group>"; };
		6DD19DB42A75F978004F02B5 /* OnBoardingCollectionView.swift */ = {isa = PBXFileReference; lastKnownFileType = sourcecode.swift; path = OnBoardingCollectionView.swift; sourceTree = "<group>"; };
		6DD19DB62A760039004F02B5 /* SellerResponse.swift */ = {isa = PBXFileReference; lastKnownFileType = sourcecode.swift; path = SellerResponse.swift; sourceTree = "<group>"; };
		6DD1A0A52A79402300666AAA /* LabeledTextView.swift */ = {isa = PBXFileReference; lastKnownFileType = sourcecode.swift; path = LabeledTextView.swift; sourceTree = "<group>"; };
		6DD1A0A72A79541800666AAA /* CustomSelectableView.swift */ = {isa = PBXFileReference; lastKnownFileType = sourcecode.swift; path = CustomSelectableView.swift; sourceTree = "<group>"; };
		6DD1A0A92A79906B00666AAA /* TimeProcessingView.swift */ = {isa = PBXFileReference; lastKnownFileType = sourcecode.swift; path = TimeProcessingView.swift; sourceTree = "<group>"; };
		6DD1A0AB2A799C9F00666AAA /* NumberPickerView.swift */ = {isa = PBXFileReference; lastKnownFileType = sourcecode.swift; path = NumberPickerView.swift; sourceTree = "<group>"; };
		6DD390E52A708D9C00C61808 /* LoginViewController.swift */ = {isa = PBXFileReference; lastKnownFileType = sourcecode.swift; path = LoginViewController.swift; sourceTree = "<group>"; };
		6DD390E72A708DAF00C61808 /* RegisterViewController.swift */ = {isa = PBXFileReference; lastKnownFileType = sourcecode.swift; path = RegisterViewController.swift; sourceTree = "<group>"; };
		6DD390EA2A709C5800C61808 /* ForgotPasswordViewController.swift */ = {isa = PBXFileReference; lastKnownFileType = sourcecode.swift; path = ForgotPasswordViewController.swift; sourceTree = "<group>"; };
		6DD390EC2A709C7C00C61808 /* HomeViewController.swift */ = {isa = PBXFileReference; lastKnownFileType = sourcecode.swift; path = HomeViewController.swift; sourceTree = "<group>"; };
		6DD390EF2A709EC800C61808 /* CustomTextField.swift */ = {isa = PBXFileReference; lastKnownFileType = sourcecode.swift; path = CustomTextField.swift; sourceTree = "<group>"; };
		6DD390F12A709ED800C61808 /* AuthHeaderView.swift */ = {isa = PBXFileReference; lastKnownFileType = sourcecode.swift; path = AuthHeaderView.swift; sourceTree = "<group>"; };
		6DD390F32A709F6D00C61808 /* WebViewController.swift */ = {isa = PBXFileReference; lastKnownFileType = sourcecode.swift; path = WebViewController.swift; sourceTree = "<group>"; };
/* End PBXFileReference section */

/* Begin PBXFrameworksBuildPhase section */
		6D2D921F2A6DF54F005AE6E6 /* Frameworks */ = {
			isa = PBXFrameworksBuildPhase;
			buildActionMask = 2147483647;
			files = (
				6D59000F2A747D4200400F80 /* StripeCardScan in Frameworks */,
				6DD1A0AF2A79BA6B00666AAA /* SimpleCheckbox in Frameworks */,
				6D5900112A747D4200400F80 /* StripeFinancialConnections in Frameworks */,
				6D5900132A747D4200400F80 /* StripeIdentity in Frameworks */,
				6D59000B2A747D4200400F80 /* Stripe in Frameworks */,
				6D5900152A747D4200400F80 /* StripePaymentSheet in Frameworks */,
				6D5900172A747D4200400F80 /* StripePayments in Frameworks */,
				6D5900192A747D4200400F80 /* StripePaymentsUI in Frameworks */,
				6D59000D2A747D4200400F80 /* StripeApplePay in Frameworks */,
			);
			runOnlyForDeploymentPostprocessing = 0;
		};
		6D2D92352A6DF550005AE6E6 /* Frameworks */ = {
			isa = PBXFrameworksBuildPhase;
			buildActionMask = 2147483647;
			files = (
			);
			runOnlyForDeploymentPostprocessing = 0;
		};
		6D2D923F2A6DF550005AE6E6 /* Frameworks */ = {
			isa = PBXFrameworksBuildPhase;
			buildActionMask = 2147483647;
			files = (
			);
			runOnlyForDeploymentPostprocessing = 0;
		};
/* End PBXFrameworksBuildPhase section */

/* Begin PBXGroup section */
		6D10E7262A7DB2F2000C4398 /* Header */ = {
			isa = PBXGroup;
			children = (
				6D10E7272A7DB308000C4398 /* ReviewProductHeader.swift */,
				6D127FC22A7EA754003DBD16 /* CustomHeaderView.swift */,
			);
			path = Header;
			sourceTree = "<group>";
		};
		6D137C342A7819ED00711889 /* Protocol */ = {
			isa = PBXGroup;
			children = (
			);
			path = Protocol;
			sourceTree = "<group>";
		};
		6D137C392A78373100711889 /* Enum */ = {
			isa = PBXGroup;
			children = (
				6D137C372A78331800711889 /* SellerMenu.swift */,
			);
			path = Enum;
			sourceTree = "<group>";
		};
		6D137C3C2A78376D00711889 /* Cell */ = {
			isa = PBXGroup;
			children = (
			);
			path = Cell;
			sourceTree = "<group>";
		};
		6D137C3D2A78377600711889 /* Api */ = {
			isa = PBXGroup;
			children = (
			);
			path = Api;
			sourceTree = "<group>";
		};
		6D137C422A78384400711889 /* CustomView */ = {
			isa = PBXGroup;
			children = (
				6D137C432A78385400711889 /* CustomImageView.swift */,
				6D137C452A78386800711889 /* NoResultMessage.swift */,
				6D137C472A78387A00711889 /* InsetLabel.swift */,
				6D137C492A78389000711889 /* LabelTop.swift */,
				6D057E9C2A7B480600F79A47 /* CustomHomeMenu.swift */,
				6D6A96672A7C413E0042C39F /* CustomTextFieldV2.swift */,
				6D6A966D2A7C89FB0042C39F /* VariantField.swift */,
				6D6A96712A7CA2FD0042C39F /* ReviewRating.swift */,
				6D10E72D2A7DFAA9000C4398 /* DynamicTableView.swift */,
				6D127FC02A7E979E003DBD16 /* AccordionTableView.swift */,
				6D127FC82A7ECC7C003DBD16 /* SearchHomeView.swift */,
				6D127FCC2A7F23BC003DBD16 /* ZeroInset.swift */,
			);
			path = CustomView;
			sourceTree = "<group>";
		};
		6D137C4B2A7838CD00711889 /* CollectionView */ = {
			isa = PBXGroup;
			children = (
				6DD19DB42A75F978004F02B5 /* OnBoardingCollectionView.swift */,
				6D137C4C2A78390C00711889 /* SellerMenuCollectionView.swift */,
				6D137C632A78A64400711889 /* BorderedTextField.swift */,
			);
			path = CollectionView;
			sourceTree = "<group>";
		};
		6D137C4E2A7847CE00711889 /* Seller */ = {
			isa = PBXGroup;
			children = (
				6D137C4F2A7847E200711889 /* DashBoardStats.swift */,
				6D137C512A78483200711889 /* VerificationStatusView.swift */,
				6D137C532A78588C00711889 /* DashBoardStatsElement.swift */,
				6DD1A0A72A79541800666AAA /* CustomSelectableView.swift */,
				6DD1A0A92A79906B00666AAA /* TimeProcessingView.swift */,
			);
			path = Seller;
			sourceTree = "<group>";
		};
		6D137C572A78639B00711889 /* Global Arrays */ = {
			isa = PBXGroup;
			children = (
				6D6A96602A7C2B280042C39F /* GlobalArrays.swift */,
			);
			path = "Global Arrays";
			sourceTree = "<group>";
		};
		6D137C5E2A788FE100711889 /* Helper */ = {
			isa = PBXGroup;
			children = (
				6D137C5F2A788FF700711889 /* DropdownMenuController.swift */,
			);
			path = Helper;
			sourceTree = "<group>";
		};
		6D2879122A71921800FDA177 /* ApiClient */ = {
			isa = PBXGroup;
			children = (
				6D2879132A71922E00FDA177 /* Service.swift */,
				6D2879152A71923A00FDA177 /* Request.swift */,
				6D2879172A7192DC00FDA177 /* Endpoint.swift */,
			);
			path = ApiClient;
			sourceTree = "<group>";
		};
		6D28791D2A71CAC900FDA177 /* ViewModel */ = {
			isa = PBXGroup;
			children = (
				6DBFEA542A72D56B001D6C53 /* LoginViewModel.swift */,
			);
			path = ViewModel;
			sourceTree = "<group>";
		};
		6D2D92192A6DF54F005AE6E6 = {
			isa = PBXGroup;
			children = (
				6D2D92242A6DF54F005AE6E6 /* PersonifyMe */,
				6D2D92232A6DF54F005AE6E6 /* Products */,
			);
			sourceTree = "<group>";
		};
		6D2D92232A6DF54F005AE6E6 /* Products */ = {
			isa = PBXGroup;
			children = (
				6D2D92222A6DF54F005AE6E6 /* PersonifyMe.app */,
				6D2D92382A6DF550005AE6E6 /* PersonifyMeTests.xctest */,
				6D2D92422A6DF550005AE6E6 /* PersonifyMeUITests.xctest */,
			);
			name = Products;
			sourceTree = "<group>";
		};
		6D2D92242A6DF54F005AE6E6 /* PersonifyMe */ = {
			isa = PBXGroup;
			children = (
				6D10E7262A7DB2F2000C4398 /* Header */,
				6D6A96622A7C2FE60042C39F /* Utility */,
				6D137C572A78639B00711889 /* Global Arrays */,
				6D137C422A78384400711889 /* CustomView */,
				6D137C392A78373100711889 /* Enum */,
				6D137C342A7819ED00711889 /* Protocol */,
				6DBFEA562A72D5F7001D6C53 /* Observable */,
				6DBFEA4F2A72B1F9001D6C53 /* Alert */,
				6D28791D2A71CAC900FDA177 /* ViewModel */,
				6D2879122A71921800FDA177 /* ApiClient */,
				6DD390EE2A709EB500C61808 /* Component */,
				6DD390E92A709C0500C61808 /* Resource */,
				6DD390E42A708D1000C61808 /* CellView */,
				6DD390E32A708C9900C61808 /* Controller */,
				6DD390E22A708C8A00C61808 /* Service */,
				6DD390E12A708C8300C61808 /* Model */,
				6DD390E02A708C6E00C61808 /* Extensions */,
				6DD390DF2A708C3100C61808 /* Protocols */,
				6DD390DE2A708C1400C61808 /* Networks */,
				6D2D92332A6DF550005AE6E6 /* Info.plist */,
			);
			path = PersonifyMe;
			sourceTree = "<group>";
		};
		6D6A96622A7C2FE60042C39F /* Utility */ = {
			isa = PBXGroup;
			children = (
				6D6A96632A7C30050042C39F /* File.swift */,
				6D6A96652A7C30100042C39F /* ImageExtensions.swift */,
			);
			path = Utility;
			sourceTree = "<group>";
		};
		6DBFEA4F2A72B1F9001D6C53 /* Alert */ = {
			isa = PBXGroup;
			children = (
				6DBFEA502A72B218001D6C53 /* AlertManager.swift */,
				6DAE939D2A773F8000AF3F25 /* AuthManager.swift */,
				6DAE939F2A7742B000AF3F25 /* ErrorManager.swift */,
			);
			path = Alert;
			sourceTree = "<group>";
		};
		6DBFEA562A72D5F7001D6C53 /* Observable */ = {
			isa = PBXGroup;
			children = (
				6DBFEA572A72D60C001D6C53 /* ObservableObject.swift */,
			);
			path = Observable;
			sourceTree = "<group>";
		};
		6DBFEA5D2A73027A001D6C53 /* Buyer */ = {
			isa = PBXGroup;
			children = (
				6DD390EC2A709C7C00C61808 /* HomeViewController.swift */,
				6DBFEA5E2A730297001D6C53 /* LikesViewController.swift */,
				6DBFEA602A7303BB001D6C53 /* ProfileViewController.swift */,
				6DBFEA622A7303CE001D6C53 /* CartViewController.swift */,
				6DBFEA642A7303E6001D6C53 /* SettingsViewController.swift */,
				6DBFEA682A730419001D6C53 /* BuyersOrdersViewController.swift */,
				6DBFEA6B2A7304B5001D6C53 /* SingleItemViewController.swift */,
				6DBFEA6D2A7304C5001D6C53 /* CategoryViewController.swift */,
				6D59001B2A748D5600400F80 /* ConnectOnboardViewController.swift */,
				6D6A96692A7C7CE40042C39F /* ProductViewController.swift */,
				6D10E7292A7DC1C1000C4398 /* CreateReviePopControllerw.swift */,
				6D127FC62A7ECBE8003DBD16 /* SearchResultViewController.swift */,
				6D127FCA2A7EF97C003DBD16 /* ContainerHomeController.swift */,
			);
			path = Buyer;
			sourceTree = "<group>";
		};
		6DBFEA6A2A730431001D6C53 /* Seller */ = {
			isa = PBXGroup;
			children = (
				6DBFEA712A73051D001D6C53 /* ManageOrderController.swift */,
				6DBFEA732A73053D001D6C53 /* ManageListingsViewController.swift */,
				6DBFEA752A730553001D6C53 /* DashboardViewController.swift */,
				6DBFEA772A730563001D6C53 /* ShopViewController.swift */,
				6DBFEA7E2A730726001D6C53 /* BecomeSellerViewController.swift */,
				6D137C552A78629200711889 /* AddListingViewController.swift */,
			);
			path = Seller;
			sourceTree = "<group>";
		};
		6DBFEA792A73059A001D6C53 /* Tabs */ = {
			isa = PBXGroup;
			children = (
				6D2879102A718EB800FDA177 /* BuyerTabController.swift */,
			);
			path = Tabs;
			sourceTree = "<group>";
		};
		6DBFEA7A2A7305A6001D6C53 /* Messaging */ = {
			isa = PBXGroup;
			children = (
			);
			path = Messaging;
			sourceTree = "<group>";
		};
		6DBFEA7B2A7305B0001D6C53 /* Payment */ = {
			isa = PBXGroup;
			children = (
			);
			path = Payment;
			sourceTree = "<group>";
		};
		6DBFEA7C2A7305DC001D6C53 /* Helpers */ = {
			isa = PBXGroup;
			children = (
				6DD390F32A709F6D00C61808 /* WebViewController.swift */,
			);
			path = Helpers;
			sourceTree = "<group>";
		};
		6DBFEA7D2A7305EC001D6C53 /* Auth */ = {
			isa = PBXGroup;
			children = (
				6DD390E52A708D9C00C61808 /* LoginViewController.swift */,
				6DD390E72A708DAF00C61808 /* RegisterViewController.swift */,
				6DD390EA2A709C5800C61808 /* ForgotPasswordViewController.swift */,
				6DBFEA592A72F184001D6C53 /* VerifyEmailViewController.swift */,
				6DBFEA5B2A72FC5D001D6C53 /* RestrictedController.swift */,
				6DBFEA662A730403001D6C53 /* ResetPasswordViewController.swift */,
			);
			path = Auth;
			sourceTree = "<group>";
		};
		6DD19D9E2A75A522004F02B5 /* OnBoarding */ = {
			isa = PBXGroup;
			children = (
				6DD19DA12A75B0DC004F02B5 /* Supporting */,
				6DD19D9F2A75A55E004F02B5 /* OnBoardingLaunchViewController.swift */,
				6DD19DB22A75E829004F02B5 /* OnBoardingLinkViewController.swift */,
			);
			path = OnBoarding;
			sourceTree = "<group>";
		};
		6DD19DA12A75B0DC004F02B5 /* Supporting */ = {
			isa = PBXGroup;
			children = (
				6DD19DA22A75B0F1004F02B5 /* PagingController.swift */,
				6DD19DA42A75B123004F02B5 /* PageCell.swift */,
				6DD19DA62A75B149004F02B5 /* PageModel.swift */,
			);
			path = Supporting;
			sourceTree = "<group>";
		};
		6DD390DE2A708C1400C61808 /* Networks */ = {
			isa = PBXGroup;
			children = (
			);
			path = Networks;
			sourceTree = "<group>";
		};
		6DD390DF2A708C3100C61808 /* Protocols */ = {
			isa = PBXGroup;
			children = (
				6D137C582A7863D400711889 /* SettingSellerMenuDelegate.swift */,
				6D137C5C2A78872700711889 /* CreateListingDelegate.swift */,
			);
			path = Protocols;
			sourceTree = "<group>";
		};
		6DD390E02A708C6E00C61808 /* Extensions */ = {
			isa = PBXGroup;
			children = (
				6DBFEA4D2A729F80001D6C53 /* Anchors.swift */,
				6D5900072A73FC1D00400F80 /* Controller.swift */,
				6D137C402A78380B00711889 /* CustomCell.swift */,
				6DBE09812A7D45430093CE34 /* ImageViewExtensions.swift */,
				6DBE09832A7D46680093CE34 /* StackManager.swift */,
				6D10E72B2A7DF561000C4398 /* TimeManager.swift */,
			);
			path = Extensions;
			sourceTree = "<group>";
		};
		6DD390E12A708C8300C61808 /* Model */ = {
			isa = PBXGroup;
			children = (
				6D137C3D2A78377600711889 /* Api */,
				6D137C3C2A78376D00711889 /* Cell */,
				6D2879192A71BD8000FDA177 /* AuthResponse.swift */,
				6D28791B2A71C45800FDA177 /* ErrorResponse.swift */,
				6DBFEA522A72D532001D6C53 /* User.swift */,
				6D0401F12A734A6400347870 /* SuccessResponse.swift */,
				6DD19DAC2A75D8EF004F02B5 /* PromoModel.swift */,
				6DD19DB02A75E577004F02B5 /* OnBoardingResponse.swift */,
				6DD19DB62A760039004F02B5 /* SellerResponse.swift */,
				6D024BFF2A76FB2700E678EB /* ApiResponse.swift */,
				6D024C012A76FC1600E678EB /* ApiErrorResponse.swift */,
				6D024C032A77002700E678EB /* TokenResponse.swift */,
				6D137C352A781FEC00711889 /* StripeStatusResponse.swift */,
				6D057E8C2A7A8C2F00F79A47 /* Product.swift */,
				6D057E8E2A7B0E3000F79A47 /* Category.swift */,
				6D057E902A7B0E3E00F79A47 /* Review.swift */,
				6D057E922A7B0E5E00F79A47 /* Seller.swift */,
			);
			path = Model;
			sourceTree = "<group>";
		};
		6DD390E22A708C8A00C61808 /* Service */ = {
			isa = PBXGroup;
			children = (
			);
			path = Service;
			sourceTree = "<group>";
		};
		6DD390E32A708C9900C61808 /* Controller */ = {
			isa = PBXGroup;
			children = (
				6D137C5E2A788FE100711889 /* Helper */,
				6DD19D9E2A75A522004F02B5 /* OnBoarding */,
				6DBFEA7D2A7305EC001D6C53 /* Auth */,
				6DBFEA7C2A7305DC001D6C53 /* Helpers */,
				6DBFEA7B2A7305B0001D6C53 /* Payment */,
				6DBFEA7A2A7305A6001D6C53 /* Messaging */,
				6DBFEA792A73059A001D6C53 /* Tabs */,
				6DBFEA6A2A730431001D6C53 /* Seller */,
				6DBFEA5D2A73027A001D6C53 /* Buyer */,
			);
			path = Controller;
			sourceTree = "<group>";
		};
		6DD390E42A708D1000C61808 /* CellView */ = {
			isa = PBXGroup;
			children = (
				6DD19DAE2A75D954004F02B5 /* OnBoardingCell.swift */,
				6D137C3A2A78375700711889 /* SellerMenuCell.swift */,
				6D137C5A2A786FD100711889 /* ImageListingCell.swift */,
				6D057E942A7B1FFA00F79A47 /* BannerCell.swift */,
				6D057E962A7B24C600F79A47 /* ProductCell.swift */,
				6D057E982A7B2D7000F79A47 /* TagCell.swift */,
				6D057E9A2A7B348700F79A47 /* CategoryHomeCell.swift */,
				6D6A966B2A7C81B90042C39F /* ProductCellImage.swift */,
				6D6A966F2A7C9A9C0042C39F /* ReviewTableViewCell.swift */,
				6D10E72F2A7E0093000C4398 /* ProductLikeCell.swift */,
				6D127FC42A7EC019003DBD16 /* CategoryLabelCell.swift */,
			);
			path = CellView;
			sourceTree = "<group>";
		};
		6DD390E92A709C0500C61808 /* Resource */ = {
			isa = PBXGroup;
			children = (
				6D2D92252A6DF54F005AE6E6 /* AppDelegate.swift */,
				6D2D92272A6DF54F005AE6E6 /* SceneDelegate.swift */,
				6D2D92292A6DF54F005AE6E6 /* ViewController.swift */,
				6D2D922E2A6DF550005AE6E6 /* Assets.xcassets */,
				6D2D92302A6DF550005AE6E6 /* LaunchScreen.storyboard */,
			);
			path = Resource;
			sourceTree = "<group>";
		};
		6DD390EE2A709EB500C61808 /* Component */ = {
			isa = PBXGroup;
			children = (
				6D137C4E2A7847CE00711889 /* Seller */,
				6D137C4B2A7838CD00711889 /* CollectionView */,
				6DD390EF2A709EC800C61808 /* CustomTextField.swift */,
				6DD390F12A709ED800C61808 /* AuthHeaderView.swift */,
				6D2879202A71E59B00FDA177 /* CustomButton.swift */,
				6DD19DA82A75BFA6004F02B5 /* CountryPickerView.swift */,
				6DD19DAA2A75C3E3004F02B5 /* PickerViewWrapper.swift */,
				6D137C612A789E0300711889 /* LabeledTextField.swift */,
				6DD1A0A52A79402300666AAA /* LabeledTextView.swift */,
				6DD1A0AB2A799C9F00666AAA /* NumberPickerView.swift */,
			);
			path = Component;
			sourceTree = "<group>";
		};
/* End PBXGroup section */

/* Begin PBXNativeTarget section */
		6D2D92212A6DF54F005AE6E6 /* PersonifyMe */ = {
			isa = PBXNativeTarget;
			buildConfigurationList = 6D2D924C2A6DF550005AE6E6 /* Build configuration list for PBXNativeTarget "PersonifyMe" */;
			buildPhases = (
				6D2D921E2A6DF54F005AE6E6 /* Sources */,
				6D2D921F2A6DF54F005AE6E6 /* Frameworks */,
				6D2D92202A6DF54F005AE6E6 /* Resources */,
			);
			buildRules = (
			);
			dependencies = (
			);
			name = PersonifyMe;
			packageProductDependencies = (
				6D59000A2A747D4200400F80 /* Stripe */,
				6D59000C2A747D4200400F80 /* StripeApplePay */,
				6D59000E2A747D4200400F80 /* StripeCardScan */,
				6D5900102A747D4200400F80 /* StripeFinancialConnections */,
				6D5900122A747D4200400F80 /* StripeIdentity */,
				6D5900142A747D4200400F80 /* StripePaymentSheet */,
				6D5900162A747D4200400F80 /* StripePayments */,
				6D5900182A747D4200400F80 /* StripePaymentsUI */,
				6DD1A0AE2A79BA6B00666AAA /* SimpleCheckbox */,
			);
			productName = PersonifyMe;
			productReference = 6D2D92222A6DF54F005AE6E6 /* PersonifyMe.app */;
			productType = "com.apple.product-type.application";
		};
		6D2D92372A6DF550005AE6E6 /* PersonifyMeTests */ = {
			isa = PBXNativeTarget;
			buildConfigurationList = 6D2D924F2A6DF550005AE6E6 /* Build configuration list for PBXNativeTarget "PersonifyMeTests" */;
			buildPhases = (
				6D2D92342A6DF550005AE6E6 /* Sources */,
				6D2D92352A6DF550005AE6E6 /* Frameworks */,
				6D2D92362A6DF550005AE6E6 /* Resources */,
			);
			buildRules = (
			);
			dependencies = (
				6D2D923A2A6DF550005AE6E6 /* PBXTargetDependency */,
			);
			name = PersonifyMeTests;
			productName = PersonifyMeTests;
			productReference = 6D2D92382A6DF550005AE6E6 /* PersonifyMeTests.xctest */;
			productType = "com.apple.product-type.bundle.unit-test";
		};
		6D2D92412A6DF550005AE6E6 /* PersonifyMeUITests */ = {
			isa = PBXNativeTarget;
			buildConfigurationList = 6D2D92522A6DF550005AE6E6 /* Build configuration list for PBXNativeTarget "PersonifyMeUITests" */;
			buildPhases = (
				6D2D923E2A6DF550005AE6E6 /* Sources */,
				6D2D923F2A6DF550005AE6E6 /* Frameworks */,
				6D2D92402A6DF550005AE6E6 /* Resources */,
			);
			buildRules = (
			);
			dependencies = (
				6D2D92442A6DF550005AE6E6 /* PBXTargetDependency */,
			);
			name = PersonifyMeUITests;
			productName = PersonifyMeUITests;
			productReference = 6D2D92422A6DF550005AE6E6 /* PersonifyMeUITests.xctest */;
			productType = "com.apple.product-type.bundle.ui-testing";
		};
/* End PBXNativeTarget section */

/* Begin PBXProject section */
		6D2D921A2A6DF54F005AE6E6 /* Project object */ = {
			isa = PBXProject;
			attributes = {
				BuildIndependentTargetsInParallel = 1;
				LastSwiftUpdateCheck = 1430;
				LastUpgradeCheck = 1430;
				TargetAttributes = {
					6D2D92212A6DF54F005AE6E6 = {
						CreatedOnToolsVersion = 14.3.1;
					};
					6D2D92372A6DF550005AE6E6 = {
						CreatedOnToolsVersion = 14.3.1;
						TestTargetID = 6D2D92212A6DF54F005AE6E6;
					};
					6D2D92412A6DF550005AE6E6 = {
						CreatedOnToolsVersion = 14.3.1;
						TestTargetID = 6D2D92212A6DF54F005AE6E6;
					};
				};
			};
			buildConfigurationList = 6D2D921D2A6DF54F005AE6E6 /* Build configuration list for PBXProject "PersonifyMe" */;
			compatibilityVersion = "Xcode 14.0";
			developmentRegion = en;
			hasScannedForEncodings = 0;
			knownRegions = (
				en,
				Base,
			);
			mainGroup = 6D2D92192A6DF54F005AE6E6;
			packageReferences = (
				6D5900092A747D4200400F80 /* XCRemoteSwiftPackageReference "stripe-ios-spm" */,
				6DD1A0AD2A79BA6B00666AAA /* XCRemoteSwiftPackageReference "SimpleCheckbox" */,
			);
			productRefGroup = 6D2D92232A6DF54F005AE6E6 /* Products */;
			projectDirPath = "";
			projectRoot = "";
			targets = (
				6D2D92212A6DF54F005AE6E6 /* PersonifyMe */,
				6D2D92372A6DF550005AE6E6 /* PersonifyMeTests */,
				6D2D92412A6DF550005AE6E6 /* PersonifyMeUITests */,
			);
		};
/* End PBXProject section */

/* Begin PBXResourcesBuildPhase section */
		6D2D92202A6DF54F005AE6E6 /* Resources */ = {
			isa = PBXResourcesBuildPhase;
			buildActionMask = 2147483647;
			files = (
				6D2D92322A6DF550005AE6E6 /* LaunchScreen.storyboard in Resources */,
				6D2D922F2A6DF550005AE6E6 /* Assets.xcassets in Resources */,
			);
			runOnlyForDeploymentPostprocessing = 0;
		};
		6D2D92362A6DF550005AE6E6 /* Resources */ = {
			isa = PBXResourcesBuildPhase;
			buildActionMask = 2147483647;
			files = (
			);
			runOnlyForDeploymentPostprocessing = 0;
		};
		6D2D92402A6DF550005AE6E6 /* Resources */ = {
			isa = PBXResourcesBuildPhase;
			buildActionMask = 2147483647;
			files = (
			);
			runOnlyForDeploymentPostprocessing = 0;
		};
/* End PBXResourcesBuildPhase section */

/* Begin PBXSourcesBuildPhase section */
		6D2D921E2A6DF54F005AE6E6 /* Sources */ = {
			isa = PBXSourcesBuildPhase;
			buildActionMask = 2147483647;
			files = (
				6D10E72C2A7DF561000C4398 /* TimeManager.swift in Sources */,
				6DBFEA692A730419001D6C53 /* BuyersOrdersViewController.swift in Sources */,
				6D137C5D2A78872700711889 /* CreateListingDelegate.swift in Sources */,
				6D2879182A7192DC00FDA177 /* Endpoint.swift in Sources */,
				6D137C602A788FF700711889 /* DropdownMenuController.swift in Sources */,
				6DD390E82A708DAF00C61808 /* RegisterViewController.swift in Sources */,
				6DBE09842A7D46680093CE34 /* StackManager.swift in Sources */,
				6D057E972A7B24C600F79A47 /* ProductCell.swift in Sources */,
				6DD19DB52A75F978004F02B5 /* OnBoardingCollectionView.swift in Sources */,
				6DBFEA672A730403001D6C53 /* ResetPasswordViewController.swift in Sources */,
				6D2879212A71E59B00FDA177 /* CustomButton.swift in Sources */,
				6D137C362A781FEC00711889 /* StripeStatusResponse.swift in Sources */,
				6D057E8F2A7B0E3000F79A47 /* Category.swift in Sources */,
				6D2879162A71923A00FDA177 /* Request.swift in Sources */,
				6DD19DA52A75B123004F02B5 /* PageCell.swift in Sources */,
				6D6A96682A7C413E0042C39F /* CustomTextFieldV2.swift in Sources */,
				6DD19DAB2A75C3E3004F02B5 /* PickerViewWrapper.swift in Sources */,
				6DD1A0AA2A79906B00666AAA /* TimeProcessingView.swift in Sources */,
				6DD390EB2A709C5800C61808 /* ForgotPasswordViewController.swift in Sources */,
				6DD19DAD2A75D8EF004F02B5 /* PromoModel.swift in Sources */,
				6DD19DB12A75E577004F02B5 /* OnBoardingResponse.swift in Sources */,
				6D127FC92A7ECC7C003DBD16 /* SearchHomeView.swift in Sources */,
				6DAE93A02A7742B000AF3F25 /* ErrorManager.swift in Sources */,
				6DBFEA742A73053D001D6C53 /* ManageListingsViewController.swift in Sources */,
				6DBFEA6C2A7304B5001D6C53 /* SingleItemViewController.swift in Sources */,
				6DD1A0AC2A799C9F00666AAA /* NumberPickerView.swift in Sources */,
				6D137C562A78629200711889 /* AddListingViewController.swift in Sources */,
				6D127FC32A7EA754003DBD16 /* CustomHeaderView.swift in Sources */,
				6D6A96642A7C30050042C39F /* File.swift in Sources */,
				6D127FCD2A7F23BC003DBD16 /* ZeroInset.swift in Sources */,
				6D6A966C2A7C81B90042C39F /* ProductCellImage.swift in Sources */,
				6DD390ED2A709C7C00C61808 /* HomeViewController.swift in Sources */,
				6DD390F42A709F6D00C61808 /* WebViewController.swift in Sources */,
				6D2D922A2A6DF54F005AE6E6 /* ViewController.swift in Sources */,
				6DD19DB32A75E829004F02B5 /* OnBoardingLinkViewController.swift in Sources */,
				6DBFEA532A72D532001D6C53 /* User.swift in Sources */,
				6D137C592A7863D400711889 /* SettingSellerMenuDelegate.swift in Sources */,
				6D137C462A78386800711889 /* NoResultMessage.swift in Sources */,
				6D137C642A78A64400711889 /* BorderedTextField.swift in Sources */,
				6D28791C2A71C45800FDA177 /* ErrorResponse.swift in Sources */,
				6D057E9B2A7B348700F79A47 /* CategoryHomeCell.swift in Sources */,
				6D6A96722A7CA2FD0042C39F /* ReviewRating.swift in Sources */,
				6D5900082A73FC1D00400F80 /* Controller.swift in Sources */,
				6DBFEA612A7303BB001D6C53 /* ProfileViewController.swift in Sources */,
				6D0401F22A734A6400347870 /* SuccessResponse.swift in Sources */,
				6D6A966E2A7C89FB0042C39F /* VariantField.swift in Sources */,
				6D2879142A71922E00FDA177 /* Service.swift in Sources */,
				6DD390F22A709ED800C61808 /* AuthHeaderView.swift in Sources */,
				6D6A96612A7C2B280042C39F /* GlobalArrays.swift in Sources */,
				6D59001C2A748D5600400F80 /* ConnectOnboardViewController.swift in Sources */,
				6DBFEA7F2A730726001D6C53 /* BecomeSellerViewController.swift in Sources */,
				6D024C022A76FC1600E678EB /* ApiErrorResponse.swift in Sources */,
				6D057E9D2A7B480600F79A47 /* CustomHomeMenu.swift in Sources */,
				6DBFEA512A72B218001D6C53 /* AlertManager.swift in Sources */,
				6D024C042A77002700E678EB /* TokenResponse.swift in Sources */,
				6D127FCB2A7EF97C003DBD16 /* ContainerHomeController.swift in Sources */,
				6D057E952A7B1FFA00F79A47 /* BannerCell.swift in Sources */,
				6D057E912A7B0E3E00F79A47 /* Review.swift in Sources */,
				6DBFEA762A730553001D6C53 /* DashboardViewController.swift in Sources */,
				6DD390F02A709EC800C61808 /* CustomTextField.swift in Sources */,
				6DD19DB72A760039004F02B5 /* SellerResponse.swift in Sources */,
				6DD19DAF2A75D954004F02B5 /* OnBoardingCell.swift in Sources */,
				6D127FC72A7ECBE8003DBD16 /* SearchResultViewController.swift in Sources */,
				6DBE09822A7D45430093CE34 /* ImageViewExtensions.swift in Sources */,
				6D137C502A7847E200711889 /* DashBoardStats.swift in Sources */,
				6D137C542A78588C00711889 /* DashBoardStatsElement.swift in Sources */,
				6D057E992A7B2D7000F79A47 /* TagCell.swift in Sources */,
				6D024C002A76FB2800E678EB /* ApiResponse.swift in Sources */,
				6D127FC52A7EC019003DBD16 /* CategoryLabelCell.swift in Sources */,
				6D137C622A789E0300711889 /* LabeledTextField.swift in Sources */,
				6DBFEA4E2A729F80001D6C53 /* Anchors.swift in Sources */,
				6D137C412A78380B00711889 /* CustomCell.swift in Sources */,
				6D137C442A78385400711889 /* CustomImageView.swift in Sources */,
				6D137C4A2A78389000711889 /* LabelTop.swift in Sources */,
				6DBFEA5A2A72F184001D6C53 /* VerifyEmailViewController.swift in Sources */,
				6D10E7282A7DB308000C4398 /* ReviewProductHeader.swift in Sources */,
				6DBFEA6E2A7304C5001D6C53 /* CategoryViewController.swift in Sources */,
				6DD19DA92A75BFA6004F02B5 /* CountryPickerView.swift in Sources */,
				6DBFEA582A72D60C001D6C53 /* ObservableObject.swift in Sources */,
				6D2879112A718EB800FDA177 /* BuyerTabController.swift in Sources */,
				6DD19DA72A75B149004F02B5 /* PageModel.swift in Sources */,
				6D127FC12A7E979E003DBD16 /* AccordionTableView.swift in Sources */,
				6DBFEA5C2A72FC5D001D6C53 /* RestrictedController.swift in Sources */,
				6DD390E62A708D9C00C61808 /* LoginViewController.swift in Sources */,
				6D137C5B2A786FD100711889 /* ImageListingCell.swift in Sources */,
				6D6A96702A7C9A9C0042C39F /* ReviewTableViewCell.swift in Sources */,
				6D2D92262A6DF54F005AE6E6 /* AppDelegate.swift in Sources */,
				6DD1A0A82A79541800666AAA /* CustomSelectableView.swift in Sources */,
				6D10E7302A7E0093000C4398 /* ProductLikeCell.swift in Sources */,
				6D137C482A78387A00711889 /* InsetLabel.swift in Sources */,
				6DD19DA02A75A55E004F02B5 /* OnBoardingLaunchViewController.swift in Sources */,
				6DBFEA5F2A730297001D6C53 /* LikesViewController.swift in Sources */,
				6D137C4D2A78390C00711889 /* SellerMenuCollectionView.swift in Sources */,
				6DD19DA32A75B0F1004F02B5 /* PagingController.swift in Sources */,
				6D10E72A2A7DC1C1000C4398 /* CreateReviePopControllerw.swift in Sources */,
				6D28791A2A71BD8000FDA177 /* AuthResponse.swift in Sources */,
				6DBFEA722A73051D001D6C53 /* ManageOrderController.swift in Sources */,
				6D10E72E2A7DFAA9000C4398 /* DynamicTableView.swift in Sources */,
				6D137C382A78331800711889 /* SellerMenu.swift in Sources */,
				6D137C3B2A78375700711889 /* SellerMenuCell.swift in Sources */,
				6DBFEA652A7303E6001D6C53 /* SettingsViewController.swift in Sources */,
				6DAE939E2A773F8000AF3F25 /* AuthManager.swift in Sources */,
				6D057E8D2A7A8C2F00F79A47 /* Product.swift in Sources */,
				6D2D92282A6DF54F005AE6E6 /* SceneDelegate.swift in Sources */,
				6D057E932A7B0E5E00F79A47 /* Seller.swift in Sources */,
				6DBFEA632A7303CE001D6C53 /* CartViewController.swift in Sources */,
				6D6A96662A7C30100042C39F /* ImageExtensions.swift in Sources */,
				6DBFEA552A72D56B001D6C53 /* LoginViewModel.swift in Sources */,
				6DD1A0A62A79402300666AAA /* LabeledTextView.swift in Sources */,
				6D137C522A78483200711889 /* VerificationStatusView.swift in Sources */,
				6DBFEA782A730563001D6C53 /* ShopViewController.swift in Sources */,
				6D6A966A2A7C7CE40042C39F /* ProductViewController.swift in Sources */,
			);
			runOnlyForDeploymentPostprocessing = 0;
		};
		6D2D92342A6DF550005AE6E6 /* Sources */ = {
			isa = PBXSourcesBuildPhase;
			buildActionMask = 2147483647;
			files = (
			);
			runOnlyForDeploymentPostprocessing = 0;
		};
		6D2D923E2A6DF550005AE6E6 /* Sources */ = {
			isa = PBXSourcesBuildPhase;
			buildActionMask = 2147483647;
			files = (
			);
			runOnlyForDeploymentPostprocessing = 0;
		};
/* End PBXSourcesBuildPhase section */

/* Begin PBXTargetDependency section */
		6D2D923A2A6DF550005AE6E6 /* PBXTargetDependency */ = {
			isa = PBXTargetDependency;
			target = 6D2D92212A6DF54F005AE6E6 /* PersonifyMe */;
			targetProxy = 6D2D92392A6DF550005AE6E6 /* PBXContainerItemProxy */;
		};
		6D2D92442A6DF550005AE6E6 /* PBXTargetDependency */ = {
			isa = PBXTargetDependency;
			target = 6D2D92212A6DF54F005AE6E6 /* PersonifyMe */;
			targetProxy = 6D2D92432A6DF550005AE6E6 /* PBXContainerItemProxy */;
		};
/* End PBXTargetDependency section */

/* Begin PBXVariantGroup section */
		6D2D92302A6DF550005AE6E6 /* LaunchScreen.storyboard */ = {
			isa = PBXVariantGroup;
			children = (
				6D2D92312A6DF550005AE6E6 /* Base */,
			);
			name = LaunchScreen.storyboard;
			sourceTree = "<group>";
		};
/* End PBXVariantGroup section */

/* Begin XCBuildConfiguration section */
		6D2D924A2A6DF550005AE6E6 /* Debug */ = {
			isa = XCBuildConfiguration;
			buildSettings = {
				ALWAYS_SEARCH_USER_PATHS = NO;
				CLANG_ANALYZER_NONNULL = YES;
				CLANG_ANALYZER_NUMBER_OBJECT_CONVERSION = YES_AGGRESSIVE;
				CLANG_CXX_LANGUAGE_STANDARD = "gnu++20";
				CLANG_ENABLE_MODULES = YES;
				CLANG_ENABLE_OBJC_ARC = YES;
				CLANG_ENABLE_OBJC_WEAK = YES;
				CLANG_WARN_BLOCK_CAPTURE_AUTORELEASING = YES;
				CLANG_WARN_BOOL_CONVERSION = YES;
				CLANG_WARN_COMMA = YES;
				CLANG_WARN_CONSTANT_CONVERSION = YES;
				CLANG_WARN_DEPRECATED_OBJC_IMPLEMENTATIONS = YES;
				CLANG_WARN_DIRECT_OBJC_ISA_USAGE = YES_ERROR;
				CLANG_WARN_DOCUMENTATION_COMMENTS = YES;
				CLANG_WARN_EMPTY_BODY = YES;
				CLANG_WARN_ENUM_CONVERSION = YES;
				CLANG_WARN_INFINITE_RECURSION = YES;
				CLANG_WARN_INT_CONVERSION = YES;
				CLANG_WARN_NON_LITERAL_NULL_CONVERSION = YES;
				CLANG_WARN_OBJC_IMPLICIT_RETAIN_SELF = YES;
				CLANG_WARN_OBJC_LITERAL_CONVERSION = YES;
				CLANG_WARN_OBJC_ROOT_CLASS = YES_ERROR;
				CLANG_WARN_QUOTED_INCLUDE_IN_FRAMEWORK_HEADER = YES;
				CLANG_WARN_RANGE_LOOP_ANALYSIS = YES;
				CLANG_WARN_STRICT_PROTOTYPES = YES;
				CLANG_WARN_SUSPICIOUS_MOVE = YES;
				CLANG_WARN_UNGUARDED_AVAILABILITY = YES_AGGRESSIVE;
				CLANG_WARN_UNREACHABLE_CODE = YES;
				CLANG_WARN__DUPLICATE_METHOD_MATCH = YES;
				COPY_PHASE_STRIP = NO;
				DEBUG_INFORMATION_FORMAT = dwarf;
				ENABLE_STRICT_OBJC_MSGSEND = YES;
				ENABLE_TESTABILITY = YES;
				GCC_C_LANGUAGE_STANDARD = gnu11;
				GCC_DYNAMIC_NO_PIC = NO;
				GCC_NO_COMMON_BLOCKS = YES;
				GCC_OPTIMIZATION_LEVEL = 0;
				GCC_PREPROCESSOR_DEFINITIONS = (
					"DEBUG=1",
					"$(inherited)",
				);
				GCC_WARN_64_TO_32_BIT_CONVERSION = YES;
				GCC_WARN_ABOUT_RETURN_TYPE = YES_ERROR;
				GCC_WARN_UNDECLARED_SELECTOR = YES;
				GCC_WARN_UNINITIALIZED_AUTOS = YES_AGGRESSIVE;
				GCC_WARN_UNUSED_FUNCTION = YES;
				GCC_WARN_UNUSED_VARIABLE = YES;
				IPHONEOS_DEPLOYMENT_TARGET = 16.4;
				MTL_ENABLE_DEBUG_INFO = INCLUDE_SOURCE;
				MTL_FAST_MATH = YES;
				ONLY_ACTIVE_ARCH = YES;
				SDKROOT = iphoneos;
				SWIFT_ACTIVE_COMPILATION_CONDITIONS = DEBUG;
				SWIFT_OPTIMIZATION_LEVEL = "-Onone";
			};
			name = Debug;
		};
		6D2D924B2A6DF550005AE6E6 /* Release */ = {
			isa = XCBuildConfiguration;
			buildSettings = {
				ALWAYS_SEARCH_USER_PATHS = NO;
				CLANG_ANALYZER_NONNULL = YES;
				CLANG_ANALYZER_NUMBER_OBJECT_CONVERSION = YES_AGGRESSIVE;
				CLANG_CXX_LANGUAGE_STANDARD = "gnu++20";
				CLANG_ENABLE_MODULES = YES;
				CLANG_ENABLE_OBJC_ARC = YES;
				CLANG_ENABLE_OBJC_WEAK = YES;
				CLANG_WARN_BLOCK_CAPTURE_AUTORELEASING = YES;
				CLANG_WARN_BOOL_CONVERSION = YES;
				CLANG_WARN_COMMA = YES;
				CLANG_WARN_CONSTANT_CONVERSION = YES;
				CLANG_WARN_DEPRECATED_OBJC_IMPLEMENTATIONS = YES;
				CLANG_WARN_DIRECT_OBJC_ISA_USAGE = YES_ERROR;
				CLANG_WARN_DOCUMENTATION_COMMENTS = YES;
				CLANG_WARN_EMPTY_BODY = YES;
				CLANG_WARN_ENUM_CONVERSION = YES;
				CLANG_WARN_INFINITE_RECURSION = YES;
				CLANG_WARN_INT_CONVERSION = YES;
				CLANG_WARN_NON_LITERAL_NULL_CONVERSION = YES;
				CLANG_WARN_OBJC_IMPLICIT_RETAIN_SELF = YES;
				CLANG_WARN_OBJC_LITERAL_CONVERSION = YES;
				CLANG_WARN_OBJC_ROOT_CLASS = YES_ERROR;
				CLANG_WARN_QUOTED_INCLUDE_IN_FRAMEWORK_HEADER = YES;
				CLANG_WARN_RANGE_LOOP_ANALYSIS = YES;
				CLANG_WARN_STRICT_PROTOTYPES = YES;
				CLANG_WARN_SUSPICIOUS_MOVE = YES;
				CLANG_WARN_UNGUARDED_AVAILABILITY = YES_AGGRESSIVE;
				CLANG_WARN_UNREACHABLE_CODE = YES;
				CLANG_WARN__DUPLICATE_METHOD_MATCH = YES;
				COPY_PHASE_STRIP = NO;
				DEBUG_INFORMATION_FORMAT = "dwarf-with-dsym";
				ENABLE_NS_ASSERTIONS = NO;
				ENABLE_STRICT_OBJC_MSGSEND = YES;
				GCC_C_LANGUAGE_STANDARD = gnu11;
				GCC_NO_COMMON_BLOCKS = YES;
				GCC_WARN_64_TO_32_BIT_CONVERSION = YES;
				GCC_WARN_ABOUT_RETURN_TYPE = YES_ERROR;
				GCC_WARN_UNDECLARED_SELECTOR = YES;
				GCC_WARN_UNINITIALIZED_AUTOS = YES_AGGRESSIVE;
				GCC_WARN_UNUSED_FUNCTION = YES;
				GCC_WARN_UNUSED_VARIABLE = YES;
				IPHONEOS_DEPLOYMENT_TARGET = 16.4;
				MTL_ENABLE_DEBUG_INFO = NO;
				MTL_FAST_MATH = YES;
				SDKROOT = iphoneos;
				SWIFT_COMPILATION_MODE = wholemodule;
				SWIFT_OPTIMIZATION_LEVEL = "-O";
				VALIDATE_PRODUCT = YES;
			};
			name = Release;
		};
		6D2D924D2A6DF550005AE6E6 /* Debug */ = {
			isa = XCBuildConfiguration;
			buildSettings = {
				ASSETCATALOG_COMPILER_APPICON_NAME = AppIcon;
				ASSETCATALOG_COMPILER_GLOBAL_ACCENT_COLOR_NAME = AccentColor;
				CODE_SIGN_STYLE = Automatic;
				CURRENT_PROJECT_VERSION = 1;
				DEVELOPMENT_TEAM = YZ4V5CL62F;
				GENERATE_INFOPLIST_FILE = YES;
				INFOPLIST_FILE = PersonifyMe/Info.plist;
				INFOPLIST_KEY_UIApplicationSupportsIndirectInputEvents = YES;
				INFOPLIST_KEY_UILaunchStoryboardName = LaunchScreen;
				INFOPLIST_KEY_UISupportedInterfaceOrientations_iPad = "UIInterfaceOrientationPortrait UIInterfaceOrientationPortraitUpsideDown UIInterfaceOrientationLandscapeLeft UIInterfaceOrientationLandscapeRight";
				INFOPLIST_KEY_UISupportedInterfaceOrientations_iPhone = "UIInterfaceOrientationPortrait UIInterfaceOrientationLandscapeLeft UIInterfaceOrientationLandscapeRight";
				LD_RUNPATH_SEARCH_PATHS = (
					"$(inherited)",
					"@executable_path/Frameworks",
				);
				MARKETING_VERSION = 1.0;
				PRODUCT_BUNDLE_IDENTIFIER = invictstone.PersonifyMe;
				PRODUCT_NAME = "$(TARGET_NAME)";
				SWIFT_EMIT_LOC_STRINGS = YES;
				SWIFT_VERSION = 5.0;
				TARGETED_DEVICE_FAMILY = "1,2";
			};
			name = Debug;
		};
		6D2D924E2A6DF550005AE6E6 /* Release */ = {
			isa = XCBuildConfiguration;
			buildSettings = {
				ASSETCATALOG_COMPILER_APPICON_NAME = AppIcon;
				ASSETCATALOG_COMPILER_GLOBAL_ACCENT_COLOR_NAME = AccentColor;
				CODE_SIGN_STYLE = Automatic;
				CURRENT_PROJECT_VERSION = 1;
				DEVELOPMENT_TEAM = YZ4V5CL62F;
				GENERATE_INFOPLIST_FILE = YES;
				INFOPLIST_FILE = PersonifyMe/Info.plist;
				INFOPLIST_KEY_UIApplicationSupportsIndirectInputEvents = YES;
				INFOPLIST_KEY_UILaunchStoryboardName = LaunchScreen;
				INFOPLIST_KEY_UISupportedInterfaceOrientations_iPad = "UIInterfaceOrientationPortrait UIInterfaceOrientationPortraitUpsideDown UIInterfaceOrientationLandscapeLeft UIInterfaceOrientationLandscapeRight";
				INFOPLIST_KEY_UISupportedInterfaceOrientations_iPhone = "UIInterfaceOrientationPortrait UIInterfaceOrientationLandscapeLeft UIInterfaceOrientationLandscapeRight";
				LD_RUNPATH_SEARCH_PATHS = (
					"$(inherited)",
					"@executable_path/Frameworks",
				);
				MARKETING_VERSION = 1.0;
				PRODUCT_BUNDLE_IDENTIFIER = invictstone.PersonifyMe;
				PRODUCT_NAME = "$(TARGET_NAME)";
				SWIFT_EMIT_LOC_STRINGS = YES;
				SWIFT_VERSION = 5.0;
				TARGETED_DEVICE_FAMILY = "1,2";
			};
			name = Release;
		};
		6D2D92502A6DF550005AE6E6 /* Debug */ = {
			isa = XCBuildConfiguration;
			buildSettings = {
				ALWAYS_EMBED_SWIFT_STANDARD_LIBRARIES = YES;
				BUNDLE_LOADER = "$(TEST_HOST)";
				CODE_SIGN_STYLE = Automatic;
				CURRENT_PROJECT_VERSION = 1;
				GENERATE_INFOPLIST_FILE = YES;
				IPHONEOS_DEPLOYMENT_TARGET = 16.4;
				MARKETING_VERSION = 1.0;
				PRODUCT_BUNDLE_IDENTIFIER = invictstone.PersonifyMeTests;
				PRODUCT_NAME = "$(TARGET_NAME)";
				SWIFT_EMIT_LOC_STRINGS = NO;
				SWIFT_VERSION = 5.0;
				TARGETED_DEVICE_FAMILY = "1,2";
				TEST_HOST = "$(BUILT_PRODUCTS_DIR)/PersonifyMe.app/$(BUNDLE_EXECUTABLE_FOLDER_PATH)/PersonifyMe";
			};
			name = Debug;
		};
		6D2D92512A6DF550005AE6E6 /* Release */ = {
			isa = XCBuildConfiguration;
			buildSettings = {
				ALWAYS_EMBED_SWIFT_STANDARD_LIBRARIES = YES;
				BUNDLE_LOADER = "$(TEST_HOST)";
				CODE_SIGN_STYLE = Automatic;
				CURRENT_PROJECT_VERSION = 1;
				GENERATE_INFOPLIST_FILE = YES;
				IPHONEOS_DEPLOYMENT_TARGET = 16.4;
				MARKETING_VERSION = 1.0;
				PRODUCT_BUNDLE_IDENTIFIER = invictstone.PersonifyMeTests;
				PRODUCT_NAME = "$(TARGET_NAME)";
				SWIFT_EMIT_LOC_STRINGS = NO;
				SWIFT_VERSION = 5.0;
				TARGETED_DEVICE_FAMILY = "1,2";
				TEST_HOST = "$(BUILT_PRODUCTS_DIR)/PersonifyMe.app/$(BUNDLE_EXECUTABLE_FOLDER_PATH)/PersonifyMe";
			};
			name = Release;
		};
		6D2D92532A6DF550005AE6E6 /* Debug */ = {
			isa = XCBuildConfiguration;
			buildSettings = {
				ALWAYS_EMBED_SWIFT_STANDARD_LIBRARIES = YES;
				CODE_SIGN_STYLE = Automatic;
				CURRENT_PROJECT_VERSION = 1;
				GENERATE_INFOPLIST_FILE = YES;
				MARKETING_VERSION = 1.0;
				PRODUCT_BUNDLE_IDENTIFIER = invictstone.PersonifyMeUITests;
				PRODUCT_NAME = "$(TARGET_NAME)";
				SWIFT_EMIT_LOC_STRINGS = NO;
				SWIFT_VERSION = 5.0;
				TARGETED_DEVICE_FAMILY = "1,2";
				TEST_TARGET_NAME = PersonifyMe;
			};
			name = Debug;
		};
		6D2D92542A6DF550005AE6E6 /* Release */ = {
			isa = XCBuildConfiguration;
			buildSettings = {
				ALWAYS_EMBED_SWIFT_STANDARD_LIBRARIES = YES;
				CODE_SIGN_STYLE = Automatic;
				CURRENT_PROJECT_VERSION = 1;
				GENERATE_INFOPLIST_FILE = YES;
				MARKETING_VERSION = 1.0;
				PRODUCT_BUNDLE_IDENTIFIER = invictstone.PersonifyMeUITests;
				PRODUCT_NAME = "$(TARGET_NAME)";
				SWIFT_EMIT_LOC_STRINGS = NO;
				SWIFT_VERSION = 5.0;
				TARGETED_DEVICE_FAMILY = "1,2";
				TEST_TARGET_NAME = PersonifyMe;
			};
			name = Release;
		};
/* End XCBuildConfiguration section */

/* Begin XCConfigurationList section */
		6D2D921D2A6DF54F005AE6E6 /* Build configuration list for PBXProject "PersonifyMe" */ = {
			isa = XCConfigurationList;
			buildConfigurations = (
				6D2D924A2A6DF550005AE6E6 /* Debug */,
				6D2D924B2A6DF550005AE6E6 /* Release */,
			);
			defaultConfigurationIsVisible = 0;
			defaultConfigurationName = Release;
		};
		6D2D924C2A6DF550005AE6E6 /* Build configuration list for PBXNativeTarget "PersonifyMe" */ = {
			isa = XCConfigurationList;
			buildConfigurations = (
				6D2D924D2A6DF550005AE6E6 /* Debug */,
				6D2D924E2A6DF550005AE6E6 /* Release */,
			);
			defaultConfigurationIsVisible = 0;
			defaultConfigurationName = Release;
		};
		6D2D924F2A6DF550005AE6E6 /* Build configuration list for PBXNativeTarget "PersonifyMeTests" */ = {
			isa = XCConfigurationList;
			buildConfigurations = (
				6D2D92502A6DF550005AE6E6 /* Debug */,
				6D2D92512A6DF550005AE6E6 /* Release */,
			);
			defaultConfigurationIsVisible = 0;
			defaultConfigurationName = Release;
		};
		6D2D92522A6DF550005AE6E6 /* Build configuration list for PBXNativeTarget "PersonifyMeUITests" */ = {
			isa = XCConfigurationList;
			buildConfigurations = (
				6D2D92532A6DF550005AE6E6 /* Debug */,
				6D2D92542A6DF550005AE6E6 /* Release */,
			);
			defaultConfigurationIsVisible = 0;
			defaultConfigurationName = Release;
		};
/* End XCConfigurationList section */

/* Begin XCRemoteSwiftPackageReference section */
		6D5900092A747D4200400F80 /* XCRemoteSwiftPackageReference "stripe-ios-spm" */ = {
			isa = XCRemoteSwiftPackageReference;
			repositoryURL = "https://github.com/stripe/stripe-ios-spm";
			requirement = {
				kind = upToNextMajorVersion;
				minimumVersion = 23.0.0;
			};
		};
		6DD1A0AD2A79BA6B00666AAA /* XCRemoteSwiftPackageReference "SimpleCheckbox" */ = {
			isa = XCRemoteSwiftPackageReference;
			repositoryURL = "https://github.com/BeauNouvelle/SimpleCheckbox.git";
			requirement = {
				kind = upToNextMajorVersion;
				minimumVersion = 2.0.0;
			};
		};
/* End XCRemoteSwiftPackageReference section */

/* Begin XCSwiftPackageProductDependency section */
		6D59000A2A747D4200400F80 /* Stripe */ = {
			isa = XCSwiftPackageProductDependency;
			package = 6D5900092A747D4200400F80 /* XCRemoteSwiftPackageReference "stripe-ios-spm" */;
			productName = Stripe;
		};
		6D59000C2A747D4200400F80 /* StripeApplePay */ = {
			isa = XCSwiftPackageProductDependency;
			package = 6D5900092A747D4200400F80 /* XCRemoteSwiftPackageReference "stripe-ios-spm" */;
			productName = StripeApplePay;
		};
		6D59000E2A747D4200400F80 /* StripeCardScan */ = {
			isa = XCSwiftPackageProductDependency;
			package = 6D5900092A747D4200400F80 /* XCRemoteSwiftPackageReference "stripe-ios-spm" */;
			productName = StripeCardScan;
		};
		6D5900102A747D4200400F80 /* StripeFinancialConnections */ = {
			isa = XCSwiftPackageProductDependency;
			package = 6D5900092A747D4200400F80 /* XCRemoteSwiftPackageReference "stripe-ios-spm" */;
			productName = StripeFinancialConnections;
		};
		6D5900122A747D4200400F80 /* StripeIdentity */ = {
			isa = XCSwiftPackageProductDependency;
			package = 6D5900092A747D4200400F80 /* XCRemoteSwiftPackageReference "stripe-ios-spm" */;
			productName = StripeIdentity;
		};
		6D5900142A747D4200400F80 /* StripePaymentSheet */ = {
			isa = XCSwiftPackageProductDependency;
			package = 6D5900092A747D4200400F80 /* XCRemoteSwiftPackageReference "stripe-ios-spm" */;
			productName = StripePaymentSheet;
		};
		6D5900162A747D4200400F80 /* StripePayments */ = {
			isa = XCSwiftPackageProductDependency;
			package = 6D5900092A747D4200400F80 /* XCRemoteSwiftPackageReference "stripe-ios-spm" */;
			productName = StripePayments;
		};
		6D5900182A747D4200400F80 /* StripePaymentsUI */ = {
			isa = XCSwiftPackageProductDependency;
			package = 6D5900092A747D4200400F80 /* XCRemoteSwiftPackageReference "stripe-ios-spm" */;
			productName = StripePaymentsUI;
		};
		6DD1A0AE2A79BA6B00666AAA /* SimpleCheckbox */ = {
			isa = XCSwiftPackageProductDependency;
			package = 6DD1A0AD2A79BA6B00666AAA /* XCRemoteSwiftPackageReference "SimpleCheckbox" */;
			productName = SimpleCheckbox;
		};
/* End XCSwiftPackageProductDependency section */
	};
	rootObject = 6D2D921A2A6DF54F005AE6E6 /* Project object */;
}
